<?xml version="1.0" encoding="utf-8"?>
<Project ToolsVersion="4.0" xmlns="http://schemas.microsoft.com/developer/msbuild/2003">
  <ItemGroup>
    <ClInclude Include="algorithm.h" />
    <ClInclude Include="Sort\Sort.h">
      <Filter>Sort</Filter>
    </ClInclude>
    <ClInclude Include="Path\AStar.h">
      <Filter>Path</Filter>
    </ClInclude>
    <ClInclude Include="Path\Voronoi.h">
      <Filter>Path</Filter>
    </ClInclude>
  </ItemGroup>
  <ItemGroup>
    <Filter Include="Sort">
      <UniqueIdentifier>{9009857c-58eb-4404-a8f0-3241054304c2}</UniqueIdentifier>
    </Filter>
    <Filter Include="Path">
      <UniqueIdentifier>{4aff5cd0-556e-4cce-8e0e-c0ff72ac91d1}</UniqueIdentifier>
    </Filter>
    <Filter Include="Picture">
      <UniqueIdentifier>{798d6ba2-d60a-407a-acfb-28bdbc205895}</UniqueIdentifier>
    </Filter>
  </ItemGroup>
  <ItemGroup>
    <ClCompile Include="main.cpp" />
  </ItemGroup>
</Project>