<?xml version="1.0" encoding="utf-8"?>
<Project ToolsVersion="4.0" xmlns="http://schemas.microsoft.com/developer/msbuild/2003">
  <ItemGroup>
    <ClInclude Include="algorithm.h" />
    <ClInclude Include="Sort\Sort.h">
      <Filter>Sort</Filter>
    </ClInclude>
    <ClInclude Include="Struct\ObjectDetail.h">
      <Filter>Struct</Filter>
    </ClInclude>
    <ClInclude Include="Struct\OneToManyRelationship.h">
      <Filter>Struct</Filter>
    </ClInclude>
    <ClInclude Include="Struct\OneToOneRelationship.h">
      <Filter>Struct</Filter>
    </ClInclude>
    <ClInclude Include="Struct\OneToOneDoubleRelationship.h">
      <Filter>Struct</Filter>
    </ClInclude>
    <ClInclude Include="Map\import.h">
      <Filter>Map</Filter>
    </ClInclude>
    <ClInclude Include="Struct\import.h">
      <Filter>Struct</Filter>
    </ClInclude>
    <ClInclude Include="Map\Path\AStar.h">
      <Filter>Map\Path</Filter>
    </ClInclude>
    <ClInclude Include="Map\Path\import.h">
      <Filter>Map\Path</Filter>
    </ClInclude>
    <ClInclude Include="Map\Path\Path.h">
      <Filter>Map\Path</Filter>
    </ClInclude>
    <ClInclude Include="Map\Base\Map.h">
      <Filter>Map\Base</Filter>
    </ClInclude>
    <ClInclude Include="Map\Base\MapObject.h">
      <Filter>Map\Base</Filter>
    </ClInclude>
    <ClInclude Include="Map\Base\MapObjects.h">
      <Filter>Map\Base</Filter>
    </ClInclude>
    <ClInclude Include="Map\Base\import.h">
      <Filter>Map\Base</Filter>
    </ClInclude>
    <ClInclude Include="Map\Creator\import.h">
      <Filter>Map\Creator</Filter>
    </ClInclude>
    <ClInclude Include="Map\Base\MapRelation.h">
      <Filter>Map\Base</Filter>
    </ClInclude>
    <ClInclude Include="Map\Samples\import.h">
      <Filter>Map\Samples</Filter>
    </ClInclude>
    <ClInclude Include="Map\Samples\MeshMap.h">
      <Filter>Map\Samples</Filter>
    </ClInclude>
    <ClInclude Include="Map\Samples\RayMap.h">
      <Filter>Map\Samples</Filter>
    </ClInclude>
    <ClInclude Include="Map\Samples\PointMap.h">
      <Filter>Map\Samples</Filter>
    </ClInclude>
    <ClInclude Include="Map\Base\MapCell.h">
      <Filter>Map\Base</Filter>
    </ClInclude>
    <ClInclude Include="Map\Creator\WFCAlgorithm.h">
      <Filter>Map\Creator</Filter>
    </ClInclude>
    <ClInclude Include="Map\Creator\MultiState.h">
      <Filter>Map\Creator</Filter>
    </ClInclude>
    <ClInclude Include="Map\Creator\MapCreator.h">
      <Filter>Map\Creator</Filter>
    </ClInclude>
    <ClInclude Include="Map\Base\RelationTable.h">
      <Filter>Map\Base</Filter>
    </ClInclude>
    <ClInclude Include="Map\Base\MapProtocol.h">
      <Filter>Map\Base</Filter>
    </ClInclude>
    <ClInclude Include="Map\Samples\RectMapCreator.h">
      <Filter>Map\Samples</Filter>
    </ClInclude>
    <ClInclude Include="Map\Samples\CubeMapCreator.h">
      <Filter>Map\Samples</Filter>
    </ClInclude>
    <ClInclude Include="Map\Samples\RectMap.h">
      <Filter>Map\Samples</Filter>
    </ClInclude>
    <ClInclude Include="Map\Samples\CubeMap.h">
      <Filter>Map\Samples</Filter>
    </ClInclude>
    <ClInclude Include="Mesh\macros.h">
      <Filter>Mesh</Filter>
    </ClInclude>
    <ClInclude Include="Mesh\import.h">
      <Filter>Mesh</Filter>
    </ClInclude>
    <ClInclude Include="Mesh\Base\Index.h">
      <Filter>Mesh\Bae</Filter>
    </ClInclude>
    <ClInclude Include="Mesh\Base\Mesh.h">
      <Filter>Mesh\Bae</Filter>
    </ClInclude>
    <ClInclude Include="Mesh\Base\MeshEdge.h">
      <Filter>Mesh\Bae</Filter>
    </ClInclude>
    <ClInclude Include="Mesh\Base\MeshPolygon.h">
      <Filter>Mesh\Bae</Filter>
    </ClInclude>
    <ClInclude Include="Mesh\Base\MeshTriangle.h">
      <Filter>Mesh\Bae</Filter>
    </ClInclude>
    <ClInclude Include="Mesh\Base\MeshVertex.h">
      <Filter>Mesh\Bae</Filter>
    </ClInclude>
    <ClInclude Include="Mesh\Base\macros.h">
      <Filter>Mesh\Bae</Filter>
    </ClInclude>
    <ClInclude Include="Mesh\Base\import.h">
      <Filter>Mesh\Bae</Filter>
    </ClInclude>
    <ClInclude Include="Mesh\Base\PointSet.h">
      <Filter>Mesh\Bae</Filter>
    </ClInclude>
    <ClInclude Include="Mesh\Base\MeshProtocol.h">
      <Filter>Mesh\Bae</Filter>
    </ClInclude>
    <ClInclude Include="Mesh\Core\Delaunay.h">
      <Filter>Mesh\Core</Filter>
    </ClInclude>
    <ClInclude Include="Mesh\Core\Voronoi.h">
      <Filter>Mesh\Core</Filter>
    </ClInclude>
    <ClInclude Include="Mesh\Base\MeshPolygonEdge.h">
      <Filter>Mesh\Bae</Filter>
    </ClInclude>
    <ClInclude Include="Mesh\Core\import.h">
      <Filter>Mesh\Core</Filter>
    </ClInclude>
    <ClInclude Include="Mesh\Core\QuadricErrorMetrics.h">
      <Filter>Mesh\Core</Filter>
    </ClInclude>
    <ClInclude Include="Mesh\Core\ProgressiveMeshes.h">
      <Filter>Mesh\Core</Filter>
    </ClInclude>
    <ClInclude Include="Mesh\Core\PolygonReduction.h">
      <Filter>Mesh\Core</Filter>
    </ClInclude>
    <ClInclude Include="Space\import.h">
      <Filter>Space</Filter>
    </ClInclude>
    <ClInclude Include="Space\Bin\Bin2D.h">
      <Filter>Space\Bin</Filter>
    </ClInclude>
    <ClInclude Include="Space\Bin\BinPacking1D.h">
      <Filter>Space\Bin</Filter>
    </ClInclude>
    <ClInclude Include="Space\Bin\BinPacking2D.h">
      <Filter>Space\Bin</Filter>
    </ClInclude>
    <ClInclude Include="Space\Bin\import.h">
      <Filter>Space\Bin</Filter>
    </ClInclude>
    <ClInclude Include="Map\Path\TaskPath.h">
      <Filter>Map\Path</Filter>
    </ClInclude>
    <ClInclude Include="Mesh\Navigation\NavMesh.h">
      <Filter>Mesh\Navigation</Filter>
    </ClInclude>
    <ClInclude Include="Mesh\Navigation\NavPoly.h">
      <Filter>Mesh\Navigation</Filter>
    </ClInclude>
    <ClInclude Include="Mesh\Navigation\NavSystem.h">
      <Filter>Mesh\Navigation</Filter>
    </ClInclude>
    <ClInclude Include="Mesh\Navigation\import.h">
      <Filter>Mesh\Navigation</Filter>
    </ClInclude>
    <ClInclude Include="Mesh\Terrian\DiamondSquareTerrian.h">
      <Filter>Mesh\Terrian</Filter>
    </ClInclude>
    <ClInclude Include="Mesh\Terrian\IFSystem.h">
      <Filter>Mesh\Terrian</Filter>
    </ClInclude>
    <ClInclude Include="Mesh\Terrian\import.h">
      <Filter>Mesh\Terrian</Filter>
    </ClInclude>
    <ClInclude Include="Mesh\Terrian\LSystem.h">
      <Filter>Mesh\Terrian</Filter>
    </ClInclude>
    <ClInclude Include="Mesh\Terrian\MidpointTerrian.h">
      <Filter>Mesh\Terrian</Filter>
    </ClInclude>
    <ClInclude Include="Mesh\Terrian\Terrian.h">
      <Filter>Mesh\Terrian</Filter>
    </ClInclude>
    <ClInclude Include="Mesh\Terrian\TerrianHelper.h">
      <Filter>Mesh\Terrian</Filter>
    </ClInclude>
    <ClInclude Include="Mesh\Terrian\Tree.h">
      <Filter>Mesh\Terrian</Filter>
    </ClInclude>
    <ClInclude Include="Struct\QuadTree.h">
      <Filter>Struct</Filter>
    </ClInclude>
    <ClInclude Include="Struct\OcTree.h">
      <Filter>Struct</Filter>
    </ClInclude>
    <ClInclude Include="Struct\BinaryTree.h">
      <Filter>Struct</Filter>
    </ClInclude>
    <ClInclude Include="Space\Index\import.h">
      <Filter>Space\Index</Filter>
    </ClInclude>
    <ClInclude Include="Space\Index\RectSpace.h">
      <Filter>Space\Index</Filter>
    </ClInclude>
    <ClInclude Include="Space\Index\CubeSpace.h">
      <Filter>Space\Index</Filter>
    </ClInclude>
    <ClInclude Include="Map\Assets\Slots.h">
      <Filter>Map\Assets</Filter>
    </ClInclude>
    <ClInclude Include="Map\Assets\CombineSlots.h">
      <Filter>Map\Assets</Filter>
    </ClInclude>
    <ClInclude Include="Map\Assets\SlotRule.h">
      <Filter>Map\Assets</Filter>
    </ClInclude>
    <ClInclude Include="Map\Assets\import.h">
      <Filter>Map\Assets</Filter>
    </ClInclude>
    <ClInclude Include="Map\Assets\MapAssets.h">
      <Filter>Map\Assets</Filter>
    </ClInclude>
    <ClInclude Include="Map\Assets\Module.h">
      <Filter>Map\Assets</Filter>
    </ClInclude>
    <ClInclude Include="Mesh\Navigation\NavSegment.h">
      <Filter>Mesh\Navigation</Filter>
    </ClInclude>
    <ClInclude Include="Work\import.h">
      <Filter>Work</Filter>
    </ClInclude>
    <ClInclude Include="Work\Task\TaskCountLimit.h">
      <Filter>Work\Task</Filter>
    </ClInclude>
    <ClInclude Include="Work\Task\TaskForeverLimit.h">
      <Filter>Work\Task</Filter>
    </ClInclude>
    <ClInclude Include="Work\Task\Task.h">
      <Filter>Work\Task</Filter>
    </ClInclude>
    <ClInclude Include="Work\Task\TaskTimeLimit.h">
      <Filter>Work\Task</Filter>
    </ClInclude>
    <ClInclude Include="Work\Workflow\SequenceWorkFlow.h">
      <Filter>Work\Workflow</Filter>
    </ClInclude>
    <ClInclude Include="Work\Workflow\SpawnWorkFlow.h">
      <Filter>Work\Workflow</Filter>
    </ClInclude>
    <ClInclude Include="Work\Workflow\WorkFlow.h">
      <Filter>Work\Workflow</Filter>
    </ClInclude>
    <ClInclude Include="Work\Task\import.h">
      <Filter>Work\Task</Filter>
    </ClInclude>
    <ClInclude Include="Work\Workflow\import.h">
      <Filter>Work\Workflow</Filter>
    </ClInclude>
    <ClInclude Include="Work\Base\WorkObject.h">
      <Filter>Work\Base</Filter>
    </ClInclude>
    <ClInclude Include="Work\Workflow\CycleWorkFlow.h">
      <Filter>Work\Workflow</Filter>
    </ClInclude>
    <ClInclude Include="Work\Base\import.h">
      <Filter>Work\Base</Filter>
    </ClInclude>
    <ClInclude Include="Work\Base\WorkData.h">
      <Filter>Work\Base</Filter>
    </ClInclude>
    <ClInclude Include="Work\Base\WorkDataMap.h">
      <Filter>Work\Base</Filter>
    </ClInclude>
    <ClInclude Include="Work\Task\TaskLimit.h">
      <Filter>Work\Task</Filter>
    </ClInclude>
    <ClInclude Include="Work\Base\StaticData.h">
      <Filter>Work\Base</Filter>
    </ClInclude>
  </ItemGroup>
  <ItemGroup>
    <Filter Include="Sort">
      <UniqueIdentifier>{9009857c-58eb-4404-a8f0-3241054304c2}</UniqueIdentifier>
    </Filter>
    <Filter Include="Struct">
      <UniqueIdentifier>{17aa9ea6-2483-448e-8274-8a8f67f5167b}</UniqueIdentifier>
    </Filter>
    <Filter Include="Map">
      <UniqueIdentifier>{b9f1d5ab-2dcf-4415-98c4-99bfa7335700}</UniqueIdentifier>
    </Filter>
    <Filter Include="Map\Path">
      <UniqueIdentifier>{2180c047-a4b7-4a74-8477-785021a0d440}</UniqueIdentifier>
    </Filter>
    <Filter Include="Map\Base">
      <UniqueIdentifier>{4ffcb724-1c82-4b51-9c55-b1aabf238226}</UniqueIdentifier>
    </Filter>
    <Filter Include="Map\Creator">
      <UniqueIdentifier>{4a32e443-4676-49ad-97f2-4b0eed15aa53}</UniqueIdentifier>
    </Filter>
    <Filter Include="Map\Samples">
      <UniqueIdentifier>{84b747df-74e3-4dfe-b9b8-ae434ef2fa32}</UniqueIdentifier>
    </Filter>
    <Filter Include="Mesh">
      <UniqueIdentifier>{a122c2b3-274c-4e68-bcdc-b084a6361702}</UniqueIdentifier>
    </Filter>
    <Filter Include="Mesh\Bae">
      <UniqueIdentifier>{8155fd8c-0f07-4684-a7f5-4db5e4302fef}</UniqueIdentifier>
    </Filter>
    <Filter Include="Mesh\Core">
      <UniqueIdentifier>{3ccbf977-430f-4872-b255-57d2001c2c76}</UniqueIdentifier>
    </Filter>
    <Filter Include="Space">
      <UniqueIdentifier>{c7e85049-6fdf-45f8-9835-c16b8384b409}</UniqueIdentifier>
    </Filter>
    <Filter Include="Space\Index">
      <UniqueIdentifier>{a067dd2b-6439-47b3-a3d7-1757f3379404}</UniqueIdentifier>
    </Filter>
    <Filter Include="Space\Bin">
      <UniqueIdentifier>{3a19625d-bb58-486a-820d-2e6c2ba2d4f9}</UniqueIdentifier>
    </Filter>
    <Filter Include="Mesh\Navigation">
      <UniqueIdentifier>{06e6f8cf-9993-4595-a7bf-cda608271378}</UniqueIdentifier>
    </Filter>
    <Filter Include="Mesh\Terrian">
      <UniqueIdentifier>{ac57dcab-71b5-4edb-aef9-57338235e48c}</UniqueIdentifier>
    </Filter>
    <Filter Include="Map\Assets">
      <UniqueIdentifier>{ac3feb97-ccaf-4711-98c6-4ac48c85d4d8}</UniqueIdentifier>
    </Filter>
    <Filter Include="Work">
      <UniqueIdentifier>{ebfd6939-99cc-46ac-a68c-ba8ff93ed5ed}</UniqueIdentifier>
    </Filter>
    <Filter Include="Work\Workflow">
      <UniqueIdentifier>{4e1bb554-b415-41db-877e-59408050cc8e}</UniqueIdentifier>
    </Filter>
    <Filter Include="Work\Task">
      <UniqueIdentifier>{ed657551-33b9-417a-8dc0-b056f1a13ed1}</UniqueIdentifier>
    </Filter>
    <Filter Include="Work\Base">
      <UniqueIdentifier>{50dc8e1a-24b1-44ad-9bd4-4cf857e4618e}</UniqueIdentifier>
    </Filter>
  </ItemGroup>
  <ItemGroup>
    <ClCompile Include="main.cpp" />
    <ClCompile Include="Struct\ObjectDetail.cpp">
      <Filter>Struct</Filter>
    </ClCompile>
    <ClCompile Include="Struct\OneToManyRelationship.cpp">
      <Filter>Struct</Filter>
    </ClCompile>
    <ClCompile Include="Struct\OneToOneRelationship.cpp">
      <Filter>Struct</Filter>
    </ClCompile>
    <ClCompile Include="Struct\OneToOneDoubleRelationship.cpp">
      <Filter>Struct</Filter>
    </ClCompile>
    <ClCompile Include="Map\Path\AStar.cpp">
      <Filter>Map\Path</Filter>
    </ClCompile>
    <ClCompile Include="Map\Path\Path.cpp">
      <Filter>Map\Path</Filter>
    </ClCompile>
    <ClCompile Include="Map\Base\MapObject.cpp">
      <Filter>Map\Base</Filter>
    </ClCompile>
    <ClCompile Include="Map\Base\MapRelation.cpp">
      <Filter>Map\Base</Filter>
    </ClCompile>
    <ClCompile Include="Map\Samples\MeshMap.cpp">
      <Filter>Map\Samples</Filter>
    </ClCompile>
    <ClCompile Include="Map\Samples\RayMap.cpp">
      <Filter>Map\Samples</Filter>
    </ClCompile>
    <ClCompile Include="Map\Base\MapCell.cpp">
      <Filter>Map\Base</Filter>
    </ClCompile>
    <ClCompile Include="Map\Creator\MultiState.cpp">
      <Filter>Map\Creator</Filter>
    </ClCompile>
    <ClCompile Include="Map\Samples\RectMapCreator.cpp">
      <Filter>Map\Samples</Filter>
    </ClCompile>
    <ClCompile Include="Map\Samples\CubeMapCreator.cpp">
      <Filter>Map\Samples</Filter>
    </ClCompile>
    <ClCompile Include="Map\Creator\WFCAlgorithm.cpp">
      <Filter>Map\Creator</Filter>
    </ClCompile>
    <ClCompile Include="Mesh\Base\Index.cpp">
      <Filter>Mesh\Bae</Filter>
    </ClCompile>
    <ClCompile Include="Mesh\Base\Mesh.cpp">
      <Filter>Mesh\Bae</Filter>
    </ClCompile>
    <ClCompile Include="Mesh\Base\MeshEdge.cpp">
      <Filter>Mesh\Bae</Filter>
    </ClCompile>
    <ClCompile Include="Mesh\Base\MeshPolygon.cpp">
      <Filter>Mesh\Bae</Filter>
    </ClCompile>
    <ClCompile Include="Mesh\Base\MeshTriangle.cpp">
      <Filter>Mesh\Bae</Filter>
    </ClCompile>
    <ClCompile Include="Mesh\Base\MeshVertex.cpp">
      <Filter>Mesh\Bae</Filter>
    </ClCompile>
    <ClCompile Include="Mesh\Base\PointSet.cpp">
      <Filter>Mesh\Bae</Filter>
    </ClCompile>
    <ClCompile Include="Mesh\Core\Delaunay.cpp">
      <Filter>Mesh\Core</Filter>
    </ClCompile>
    <ClCompile Include="Mesh\Core\Voronoi.cpp">
      <Filter>Mesh\Core</Filter>
    </ClCompile>
    <ClCompile Include="Mesh\Base\MeshPolygonEdge.cpp">
      <Filter>Mesh\Bae</Filter>
    </ClCompile>
    <ClCompile Include="Mesh\Core\ProgressiveMeshes.cpp">
      <Filter>Mesh\Core</Filter>
    </ClCompile>
    <ClCompile Include="Mesh\Core\QuadricErrorMetrics.cpp">
      <Filter>Mesh\Core</Filter>
    </ClCompile>
    <ClCompile Include="Mesh\Core\PolygonReduction.cpp">
      <Filter>Mesh\Core</Filter>
    </ClCompile>
    <ClCompile Include="Space\Bin\Bin2D.cpp">
      <Filter>Space\Bin</Filter>
    </ClCompile>
    <ClCompile Include="Space\Bin\BinPacking1D.cpp">
      <Filter>Space\Bin</Filter>
    </ClCompile>
    <ClCompile Include="Space\Bin\BinPacking2D.cpp">
      <Filter>Space\Bin</Filter>
    </ClCompile>
    <ClCompile Include="Map\Path\TaskPath.cpp">
      <Filter>Map\Path</Filter>
    </ClCompile>
    <ClCompile Include="Mesh\Navigation\NavMesh.cpp">
      <Filter>Mesh\Navigation</Filter>
    </ClCompile>
    <ClCompile Include="Mesh\Navigation\NavPoly.cpp">
      <Filter>Mesh\Navigation</Filter>
    </ClCompile>
    <ClCompile Include="Mesh\Navigation\NavSystem.cpp">
      <Filter>Mesh\Navigation</Filter>
    </ClCompile>
    <ClCompile Include="Mesh\Terrian\DiamondSquareTerrian.cpp">
      <Filter>Mesh\Terrian</Filter>
    </ClCompile>
    <ClCompile Include="Mesh\Terrian\IFSystem.cpp">
      <Filter>Mesh\Terrian</Filter>
    </ClCompile>
    <ClCompile Include="Mesh\Terrian\LSystem.cpp">
      <Filter>Mesh\Terrian</Filter>
    </ClCompile>
    <ClCompile Include="Mesh\Terrian\MidpointTerrian.cpp">
      <Filter>Mesh\Terrian</Filter>
    </ClCompile>
    <ClCompile Include="Mesh\Terrian\Terrian.cpp">
      <Filter>Mesh\Terrian</Filter>
    </ClCompile>
    <ClCompile Include="Mesh\Terrian\TerrianHelper.cpp">
      <Filter>Mesh\Terrian</Filter>
    </ClCompile>
    <ClCompile Include="Mesh\Terrian\Tree.cpp">
      <Filter>Mesh\Terrian</Filter>
    </ClCompile>
    <ClCompile Include="Map\Base\RelationTable.cpp">
      <Filter>Map\Base</Filter>
    </ClCompile>
    <ClCompile Include="Map\Creator\MapCreator.cpp">
      <Filter>Map\Creator</Filter>
    </ClCompile>
    <ClCompile Include="Map\Creator\MapObjects.cpp">
      <Filter>Map\Base</Filter>
    </ClCompile>
    <ClCompile Include="Map\Base\Map.cpp">
      <Filter>Map\Base</Filter>
    </ClCompile>
    <ClCompile Include="Map\Samples\PointMap.cpp">
      <Filter>Map\Samples</Filter>
    </ClCompile>
    <ClCompile Include="Map\Samples\RectMap.cpp">
      <Filter>Map\Samples</Filter>
    </ClCompile>
    <ClCompile Include="Map\Assets\CombineSlots.cpp">
      <Filter>Map\Assets</Filter>
    </ClCompile>
    <ClCompile Include="Map\Assets\SlotRule.cpp">
      <Filter>Map\Assets</Filter>
    </ClCompile>
    <ClCompile Include="Map\Assets\Slots.cpp">
      <Filter>Map\Assets</Filter>
    </ClCompile>
    <ClCompile Include="Map\Assets\MapAssets.cpp">
      <Filter>Map\Assets</Filter>
    </ClCompile>
    <ClCompile Include="Map\Assets\Module.cpp">
      <Filter>Map\Assets</Filter>
    </ClCompile>
    <ClCompile Include="Map\Samples\CubeMap.cpp">
      <Filter>Map\Samples</Filter>
    </ClCompile>
    <ClCompile Include="Mesh\Navigation\NavSegment.cpp">
      <Filter>Mesh\Navigation</Filter>
    </ClCompile>
    <ClCompile Include="Work\Task\TaskCountLimit.cpp">
      <Filter>Work\Task</Filter>
    </ClCompile>
    <ClCompile Include="Work\Task\TaskForeverLimit.cpp">
      <Filter>Work\Task</Filter>
    </ClCompile>
    <ClCompile Include="Work\Task\Task.cpp">
      <Filter>Work\Task</Filter>
    </ClCompile>
    <ClCompile Include="Work\Task\TaskTimeLimit.cpp">
      <Filter>Work\Task</Filter>
    </ClCompile>
    <ClCompile Include="Work\Workflow\SequenceWorkFlow.cpp">
      <Filter>Work\Workflow</Filter>
    </ClCompile>
    <ClCompile Include="Work\Workflow\SpawnWorkFlow.cpp">
      <Filter>Work\Workflow</Filter>
    </ClCompile>
    <ClCompile Include="Work\Workflow\WorkFlow.cpp">
      <Filter>Work\Workflow</Filter>
    </ClCompile>
    <ClCompile Include="Work\Base\WorkObject.cpp">
      <Filter>Work\Base</Filter>
    </ClCompile>
    <ClCompile Include="Work\Workflow\CycleWorkFlow.cpp">
      <Filter>Work\Workflow</Filter>
    </ClCompile>
    <ClCompile Include="Work\Base\WorkDataMap.cpp">
      <Filter>Work\Base</Filter>
    </ClCompile>
    <ClCompile Include="Work\Task\TaskLimit.cpp">
      <Filter>Work\Task</Filter>
    </ClCompile>
    <ClCompile Include="Work\Base\WorkData.cpp">
      <Filter>Work\Base</Filter>
    </ClCompile>
    <ClCompile Include="Work\Base\StaticData.cpp">
      <Filter>Work\Base</Filter>
    </ClCompile>
  </ItemGroup>
</Project>