<?xml version="1.0" encoding="utf-8"?>
<Project ToolsVersion="4.0" xmlns="http://schemas.microsoft.com/developer/msbuild/2003">
  <ItemGroup>
    <Filter Include="Maths">
      <UniqueIdentifier>{b7eebf2d-f4ec-4569-b690-e18f261e5069}</UniqueIdentifier>
    </Filter>
  </ItemGroup>
  <ItemGroup>
    <ClInclude Include="Maths\Statistics.h">
      <Filter>Maths</Filter>
    </ClInclude>
    <ClInclude Include="Maths\Probability.h">
      <Filter>Maths</Filter>
    </ClInclude>
    <ClInclude Include="Maths\Random.h">
      <Filter>Maths</Filter>
    </ClInclude>
    <ClInclude Include="Maths\Set.h">
      <Filter>Maths</Filter>
    </ClInclude>
    <ClInclude Include="Maths\Combinatorics.h">
      <Filter>Maths</Filter>
    </ClInclude>
    <ClInclude Include="Maths\Number.h">
      <Filter>Maths</Filter>
    </ClInclude>
  </ItemGroup>
  <ItemGroup>
    <ClCompile Include="Maths\Random.cpp">
      <Filter>Maths</Filter>
    </ClCompile>
    <ClCompile Include="Maths\Set.cpp">
      <Filter>Maths</Filter>
    </ClCompile>
    <ClCompile Include="main.cpp" />
    <ClCompile Include="Maths\Combinatorics.cpp">
      <Filter>Maths</Filter>
    </ClCompile>
    <ClCompile Include="Maths\Number.cpp">
      <Filter>Maths</Filter>
    </ClCompile>
  </ItemGroup>
</Project>