<?xml version="1.0" encoding="utf-8"?>
<Project ToolsVersion="4.0" xmlns="http://schemas.microsoft.com/developer/msbuild/2003">
  <ItemGroup>
    <Filter Include="Library">
      <UniqueIdentifier>{adc4bd6c-f805-4f44-aeb2-f3b1d8bfc96a}</UniqueIdentifier>
    </Filter>
    <Filter Include="Base">
      <UniqueIdentifier>{c12f3fe3-f89d-47b6-be74-349295d8f6b2}</UniqueIdentifier>
    </Filter>
    <Filter Include="Instance">
      <UniqueIdentifier>{a3e15990-042a-4c4a-a69e-badb59a5cf64}</UniqueIdentifier>
    </Filter>
  </ItemGroup>
  <ItemGroup>
    <ClInclude Include="Library\macros.h">
      <Filter>Library</Filter>
    </ClInclude>
    <ClInclude Include="Base\import.h">
      <Filter>Base</Filter>
    </ClInclude>
    <ClInclude Include="Base\Word.h">
      <Filter>Base</Filter>
    </ClInclude>
    <ClInclude Include="Base\Sentence.h">
      <Filter>Base</Filter>
    </ClInclude>
    <ClInclude Include="Base\T_Sentence.h">
      <Filter>Base</Filter>
    </ClInclude>
    <ClInclude Include="Base\Enumerator.h">
      <Filter>Base</Filter>
    </ClInclude>
    <ClInclude Include="Library\Library.h">
      <Filter>Library</Filter>
    </ClInclude>
    <ClInclude Include="Library\Dictionary.h">
      <Filter>Library</Filter>
    </ClInclude>
    <ClInclude Include="Instance\English.h">
      <Filter>Instance</Filter>
    </ClInclude>
    <ClInclude Include="Instance\Chinese.h">
      <Filter>Instance</Filter>
    </ClInclude>
    <ClInclude Include="Instance\macros.h">
      <Filter>Instance</Filter>
    </ClInclude>
    <ClInclude Include="Library\import.h">
      <Filter>Library</Filter>
    </ClInclude>
    <ClInclude Include="Instance\LanguageClass.h">
      <Filter>Instance</Filter>
    </ClInclude>
  </ItemGroup>
  <ItemGroup>
    <ClCompile Include="Library\Dictionary.cpp">
      <Filter>Library</Filter>
    </ClCompile>
    <ClCompile Include="Base\Word.cpp">
      <Filter>Base</Filter>
    </ClCompile>
    <ClCompile Include="Library\Library.cpp">
      <Filter>Library</Filter>
    </ClCompile>
    <ClCompile Include="Instance\English.cpp">
      <Filter>Instance</Filter>
    </ClCompile>
  </ItemGroup>
</Project>