<?xml version="1.0" encoding="utf-8"?>
<Project ToolsVersion="4.0" xmlns="http://schemas.microsoft.com/developer/msbuild/2003">
  <ItemGroup>
    <Filter Include="Resource">
      <UniqueIdentifier>{72ac774e-e096-437b-9a29-d5c86a7689ff}</UniqueIdentifier>
    </Filter>
    <Filter Include="Server">
      <UniqueIdentifier>{33986f81-eba2-464c-81d8-ef97e5668897}</UniqueIdentifier>
    </Filter>
    <Filter Include="Module">
      <UniqueIdentifier>{3caeb02c-1334-4950-8b54-a75bf60971cc}</UniqueIdentifier>
    </Filter>
    <Filter Include="Module\HttpDispatcher">
      <UniqueIdentifier>{7025ce87-845e-4099-871e-5439ae7fb5de}</UniqueIdentifier>
    </Filter>
    <Filter Include="Module\DataBase">
      <UniqueIdentifier>{d5dcfb3b-4731-4072-8191-08e25eeb3a78}</UniqueIdentifier>
    </Filter>
  </ItemGroup>
  <ItemGroup>
    <Xml Include="Resource\Server.xml">
      <Filter>Resource</Filter>
    </Xml>
  </ItemGroup>
  <ItemGroup>
    <ClCompile Include="Server\HttpServer.cpp">
      <Filter>Server</Filter>
    </ClCompile>
    <ClCompile Include="main.cpp" />
    <ClCompile Include="Server\HttpReceiver.cpp">
      <Filter>Server</Filter>
    </ClCompile>
    <ClCompile Include="Server\HttpHandler.cpp">
      <Filter>Server</Filter>
    </ClCompile>
    <ClCompile Include="Module\DataBase\DBManager.cpp">
      <Filter>Module\DataBase</Filter>
    </ClCompile>
    <ClCompile Include="Server\HttpDispatcher.cpp">
      <Filter>Server</Filter>
    </ClCompile>
    <ClCompile Include="Module\HttpDispatcher\GuestHttpDispatcher.cpp">
      <Filter>Module\HttpDispatcher</Filter>
    </ClCompile>
    <ClCompile Include="Module\HttpDispatcher\AccountHttpDispatcher.cpp">
      <Filter>Module\HttpDispatcher</Filter>
    </ClCompile>
  </ItemGroup>
  <ItemGroup>
    <ClInclude Include="Server\HttpServer.h">
      <Filter>Server</Filter>
    </ClInclude>
    <ClInclude Include="Server\HttpReceiver.h">
      <Filter>Server</Filter>
    </ClInclude>
    <ClInclude Include="Server\import.h">
      <Filter>Server</Filter>
    </ClInclude>
    <ClInclude Include="Server\HttpHandler.h">
      <Filter>Server</Filter>
    </ClInclude>
    <ClInclude Include="Server\HttpDispatcher.h">
      <Filter>Server</Filter>
    </ClInclude>
    <ClInclude Include="Module\HttpDispatcher\GuestHttpDispatcher.h">
      <Filter>Module\HttpDispatcher</Filter>
    </ClInclude>
    <ClInclude Include="Module\HttpDispatcher\macros.h">
      <Filter>Module\HttpDispatcher</Filter>
    </ClInclude>
    <ClInclude Include="Module\HttpDispatcher\import.h">
      <Filter>Module\HttpDispatcher</Filter>
    </ClInclude>
    <ClInclude Include="Module\DataBase\DBManager.h">
      <Filter>Module\DataBase</Filter>
    </ClInclude>
    <ClInclude Include="Module\import.h">
      <Filter>Module</Filter>
    </ClInclude>
    <ClInclude Include="Module\DataBase\import.h">
      <Filter>Module\DataBase</Filter>
    </ClInclude>
    <ClInclude Include="Module\HttpDispatcher\AccountHttpDispatcher.h">
      <Filter>Module\HttpDispatcher</Filter>
    </ClInclude>
  </ItemGroup>
</Project>