<?xml version="1.0" encoding="utf-8"?>
<Project ToolsVersion="4.0" xmlns="http://schemas.microsoft.com/developer/msbuild/2003">
  <ItemGroup>
    <Filter Include="Document">
      <UniqueIdentifier>{b8f52b13-9168-4572-8a28-d00c29aedc3b}</UniqueIdentifier>
    </Filter>
    <Filter Include="Core">
      <UniqueIdentifier>{18c3ab89-d8cb-44b1-8fba-6c130ba5b117}</UniqueIdentifier>
    </Filter>
    <Filter Include="Env">
      <UniqueIdentifier>{1c584696-cfe3-4244-885d-d759a56964ac}</UniqueIdentifier>
    </Filter>
    <Filter Include="Resource">
      <UniqueIdentifier>{01726520-9551-43dc-8530-e8f44ffa51f2}</UniqueIdentifier>
    </Filter>
    <Filter Include="Compile">
      <UniqueIdentifier>{22976c53-358c-440f-9e56-dcc9907ee80a}</UniqueIdentifier>
    </Filter>
    <Filter Include="Compile\Common">
      <UniqueIdentifier>{863312aa-3f87-4adc-9bf0-d82f632c79cb}</UniqueIdentifier>
    </Filter>
    <Filter Include="Compile\Parse">
      <UniqueIdentifier>{4e01ee02-fc24-42ab-a924-24acf2b82e21}</UniqueIdentifier>
    </Filter>
    <Filter Include="Compile\Scan">
      <UniqueIdentifier>{019b1b06-78ec-4bd8-a955-2f300a15e212}</UniqueIdentifier>
    </Filter>
    <Filter Include="Compile\CodeGenerate">
      <UniqueIdentifier>{501bd8e9-87ee-4ec1-a5d2-a0c6e9a3a911}</UniqueIdentifier>
    </Filter>
    <Filter Include="Compile\SemanticAnalyze">
      <UniqueIdentifier>{5e881062-7f6d-423b-8d28-effe88ff42c2}</UniqueIdentifier>
    </Filter>
    <Filter Include="Compile\SourceCodeOptimize">
      <UniqueIdentifier>{7de185a4-bd7c-4019-9ea3-2ff658f5a0fb}</UniqueIdentifier>
    </Filter>
    <Filter Include="Compile\TargetCodeOptimize">
      <UniqueIdentifier>{9a88978e-1313-49f3-a0ec-0405d5e1a196}</UniqueIdentifier>
    </Filter>
    <Filter Include="Compile\Sample">
      <UniqueIdentifier>{eeb492f3-3744-4de1-823f-9f076860c64a}</UniqueIdentifier>
    </Filter>
  </ItemGroup>
  <ItemGroup>
    <ClInclude Include="Script.h" />
    <ClInclude Include="Document\Document.h">
      <Filter>Document</Filter>
    </ClInclude>
    <ClInclude Include="Core\Scope.h">
      <Filter>Core</Filter>
    </ClInclude>
    <ClInclude Include="Core\Variable.h">
      <Filter>Core</Filter>
    </ClInclude>
    <ClInclude Include="Core\Struct.h">
      <Filter>Core</Filter>
    </ClInclude>
    <ClInclude Include="Core\Base.h">
      <Filter>Core</Filter>
    </ClInclude>
    <ClInclude Include="Core\Function.h">
      <Filter>Core</Filter>
    </ClInclude>
    <ClInclude Include="Core\Console.h">
      <Filter>Core</Filter>
    </ClInclude>
    <ClInclude Include="Core\Message.h">
      <Filter>Core</Filter>
    </ClInclude>
    <ClInclude Include="Core\common.h">
      <Filter>Core</Filter>
    </ClInclude>
    <ClInclude Include="Core\Tip.h">
      <Filter>Core</Filter>
    </ClInclude>
    <ClInclude Include="Env\Environment.h">
      <Filter>Env</Filter>
    </ClInclude>
    <ClInclude Include="Env\Module.h">
      <Filter>Env</Filter>
    </ClInclude>
    <ClInclude Include="Core\import.h">
      <Filter>Core</Filter>
    </ClInclude>
    <ClInclude Include="Core\Variables.h">
      <Filter>Core</Filter>
    </ClInclude>
    <ClInclude Include="Document\import.h">
      <Filter>Document</Filter>
    </ClInclude>
    <ClInclude Include="Compile\import.h">
      <Filter>Compile</Filter>
    </ClInclude>
    <ClInclude Include="Compile\Scanner.h">
      <Filter>Compile\Scan</Filter>
    </ClInclude>
    <ClInclude Include="Compile\Parser.h">
      <Filter>Compile\Parse</Filter>
    </ClInclude>
    <ClInclude Include="Compile\Compiler.h">
      <Filter>Compile</Filter>
    </ClInclude>
    <ClInclude Include="Compile\CodeGenerator.h">
      <Filter>Compile\CodeGenerate</Filter>
    </ClInclude>
    <ClInclude Include="Compile\SemanticAnalyzer.h">
      <Filter>Compile\SemanticAnalyze</Filter>
    </ClInclude>
    <ClInclude Include="Compile\SourceCodeOptimizer.h">
      <Filter>Compile\SourceCodeOptimize</Filter>
    </ClInclude>
    <ClInclude Include="Compile\TargetCodeOptimizer.h">
      <Filter>Compile\TargetCodeOptimize</Filter>
    </ClInclude>
    <ClInclude Include="Compile\Error.h">
      <Filter>Compile\Common</Filter>
    </ClInclude>
    <ClInclude Include="Compile\macros.h">
      <Filter>Compile\Common</Filter>
    </ClInclude>
    <ClInclude Include="Compile\AbstractSyntaxTree.h">
      <Filter>Compile\Parse</Filter>
    </ClInclude>
    <ClInclude Include="Compile\TokenTable.h">
      <Filter>Compile\Scan</Filter>
    </ClInclude>
    <ClInclude Include="Compile\WordSet.h">
      <Filter>Compile\Common</Filter>
    </ClInclude>
    <ClInclude Include="Compile\WordFilters.h">
      <Filter>Compile\Scan</Filter>
    </ClInclude>
    <ClInclude Include="Document\CompilerDocument.h">
      <Filter>Document</Filter>
    </ClInclude>
    <ClInclude Include="Document\WordDocument.h">
      <Filter>Document</Filter>
    </ClInclude>
    <ClInclude Include="Compile\ITextFilter.h">
      <Filter>Compile\Scan</Filter>
    </ClInclude>
    <ClInclude Include="Compile\CodeFilter.h">
      <Filter>Compile\Sample</Filter>
    </ClInclude>
    <ClInclude Include="Compile\SymbolDelegate.h">
      <Filter>Compile\Parse</Filter>
    </ClInclude>
    <ClInclude Include="Compile\SymbolHandler.h">
      <Filter>Compile\Parse</Filter>
    </ClInclude>
    <ClInclude Include="Compile\SymbolParser.h">
      <Filter>Compile\Sample</Filter>
    </ClInclude>
    <ClInclude Include="Compile\ASTNode.h">
      <Filter>Compile\Parse</Filter>
    </ClInclude>
    <ClInclude Include="Compile\SymbolInformation.h">
      <Filter>Compile\Parse</Filter>
    </ClInclude>
  </ItemGroup>
  <ItemGroup>
    <ClCompile Include="Core\Variable.cpp">
      <Filter>Core</Filter>
    </ClCompile>
    <ClCompile Include="Core\Base.cpp">
      <Filter>Core</Filter>
    </ClCompile>
    <ClCompile Include="Core\Struct.cpp">
      <Filter>Core</Filter>
    </ClCompile>
    <ClCompile Include="Core\Console.cpp">
      <Filter>Core</Filter>
    </ClCompile>
    <ClCompile Include="Core\Message.cpp">
      <Filter>Core</Filter>
    </ClCompile>
    <ClCompile Include="Core\Scope.cpp">
      <Filter>Core</Filter>
    </ClCompile>
    <ClCompile Include="Env\Environment.cpp">
      <Filter>Env</Filter>
    </ClCompile>
    <ClCompile Include="Core\Variables.cpp">
      <Filter>Core</Filter>
    </ClCompile>
    <ClCompile Include="Core\Function.cpp">
      <Filter>Core</Filter>
    </ClCompile>
    <ClCompile Include="Script.cpp" />
    <ClCompile Include="main.cpp" />
    <ClCompile Include="Compile\Scanner.cpp">
      <Filter>Compile\Scan</Filter>
    </ClCompile>
    <ClCompile Include="Compile\Error.cpp">
      <Filter>Compile\Common</Filter>
    </ClCompile>
    <ClCompile Include="Compile\Compiler.cpp">
      <Filter>Compile</Filter>
    </ClCompile>
    <ClCompile Include="Compile\Parser.cpp">
      <Filter>Compile\Parse</Filter>
    </ClCompile>
    <ClCompile Include="Compile\AbstractSyntaxTree.cpp">
      <Filter>Compile\Parse</Filter>
    </ClCompile>
    <ClCompile Include="Compile\TokenTable.cpp">
      <Filter>Compile\Scan</Filter>
    </ClCompile>
    <ClCompile Include="Compile\WordSet.cpp">
      <Filter>Compile\Common</Filter>
    </ClCompile>
    <ClCompile Include="Compile\WordFilters.cpp">
      <Filter>Compile\Scan</Filter>
    </ClCompile>
    <ClCompile Include="Document\CompilerDocument.cpp">
      <Filter>Document</Filter>
    </ClCompile>
    <ClCompile Include="Document\Document.cpp">
      <Filter>Document</Filter>
    </ClCompile>
    <ClCompile Include="Document\WordDocument.cpp">
      <Filter>Document</Filter>
    </ClCompile>
    <ClCompile Include="Compile\SymbolDelegate.cpp">
      <Filter>Compile\Parse</Filter>
    </ClCompile>
    <ClCompile Include="Compile\SymbolHandler.cpp">
      <Filter>Compile\Parse</Filter>
    </ClCompile>
    <ClCompile Include="Compile\ASTNode.cpp">
      <Filter>Compile\Parse</Filter>
    </ClCompile>
  </ItemGroup>
  <ItemGroup>
    <None Include="Resource\main.script">
      <Filter>Resource</Filter>
    </None>
  </ItemGroup>
  <ItemGroup>
    <Text Include="Compile\compile.txt">
      <Filter>Compile</Filter>
    </Text>
    <Text Include="Compile\grammar.txt">
      <Filter>Compile</Filter>
    </Text>
    <Text Include="Resource\word.txt">
      <Filter>Resource</Filter>
    </Text>
  </ItemGroup>
  <ItemGroup>
    <Xml Include="Resource\Symbol.xml">
      <Filter>Resource</Filter>
    </Xml>
  </ItemGroup>
</Project>