<?xml version="1.0" encoding="utf-8"?>
<Project ToolsVersion="4.0" xmlns="http://schemas.microsoft.com/developer/msbuild/2003">
  <ItemGroup>
    <Filter Include="Document">
      <UniqueIdentifier>{b8f52b13-9168-4572-8a28-d00c29aedc3b}</UniqueIdentifier>
    </Filter>
    <Filter Include="Core">
      <UniqueIdentifier>{18c3ab89-d8cb-44b1-8fba-6c130ba5b117}</UniqueIdentifier>
    </Filter>
    <Filter Include="Env">
      <UniqueIdentifier>{1c584696-cfe3-4244-885d-d759a56964ac}</UniqueIdentifier>
    </Filter>
    <Filter Include="Resource">
      <UniqueIdentifier>{01726520-9551-43dc-8530-e8f44ffa51f2}</UniqueIdentifier>
    </Filter>
    <Filter Include="Compile">
      <UniqueIdentifier>{22976c53-358c-440f-9e56-dcc9907ee80a}</UniqueIdentifier>
    </Filter>
  </ItemGroup>
  <ItemGroup>
    <ClInclude Include="Script.h" />
    <ClInclude Include="Document\Document.h">
      <Filter>Document</Filter>
    </ClInclude>
    <ClInclude Include="Core\Scope.h">
      <Filter>Core</Filter>
    </ClInclude>
    <ClInclude Include="Core\Variable.h">
      <Filter>Core</Filter>
    </ClInclude>
    <ClInclude Include="Core\Struct.h">
      <Filter>Core</Filter>
    </ClInclude>
    <ClInclude Include="Core\Base.h">
      <Filter>Core</Filter>
    </ClInclude>
    <ClInclude Include="Core\Function.h">
      <Filter>Core</Filter>
    </ClInclude>
    <ClInclude Include="Core\Console.h">
      <Filter>Core</Filter>
    </ClInclude>
    <ClInclude Include="Core\Message.h">
      <Filter>Core</Filter>
    </ClInclude>
    <ClInclude Include="Core\common.h">
      <Filter>Core</Filter>
    </ClInclude>
    <ClInclude Include="Core\Tip.h">
      <Filter>Core</Filter>
    </ClInclude>
    <ClInclude Include="Env\Environment.h">
      <Filter>Env</Filter>
    </ClInclude>
    <ClInclude Include="Env\FilePath.h">
      <Filter>Env</Filter>
    </ClInclude>
    <ClInclude Include="Env\Module.h">
      <Filter>Env</Filter>
    </ClInclude>
    <ClInclude Include="Env\KeyWord.h">
      <Filter>Env</Filter>
    </ClInclude>
    <ClInclude Include="Core\import.h">
      <Filter>Core</Filter>
    </ClInclude>
    <ClInclude Include="Core\Variables.h">
      <Filter>Core</Filter>
    </ClInclude>
    <ClInclude Include="Env\Define.h">
      <Filter>Env</Filter>
    </ClInclude>
    <ClInclude Include="Document\import.h">
      <Filter>Document</Filter>
    </ClInclude>
    <ClInclude Include="Compile\TargetCodeOptimizer.h">
      <Filter>Compile</Filter>
    </ClInclude>
    <ClInclude Include="Compile\CodeGenerator.h">
      <Filter>Compile</Filter>
    </ClInclude>
    <ClInclude Include="Compile\Parser.h">
      <Filter>Compile</Filter>
    </ClInclude>
    <ClInclude Include="Compile\Scanner.h">
      <Filter>Compile</Filter>
    </ClInclude>
    <ClInclude Include="Compile\SemanticAnalyzer.h">
      <Filter>Compile</Filter>
    </ClInclude>
    <ClInclude Include="Compile\SourceCodeOptimizer.h">
      <Filter>Compile</Filter>
    </ClInclude>
    <ClInclude Include="Compile\import.h">
      <Filter>Compile</Filter>
    </ClInclude>
    <ClInclude Include="Compile\Error.h">
      <Filter>Compile</Filter>
    </ClInclude>
    <ClInclude Include="Compile\KeyWord.h">
      <Filter>Compile</Filter>
    </ClInclude>
  </ItemGroup>
  <ItemGroup>
    <ClCompile Include="Core\Variable.cpp">
      <Filter>Core</Filter>
    </ClCompile>
    <ClCompile Include="Core\Base.cpp">
      <Filter>Core</Filter>
    </ClCompile>
    <ClCompile Include="Core\Struct.cpp">
      <Filter>Core</Filter>
    </ClCompile>
    <ClCompile Include="Core\Console.cpp">
      <Filter>Core</Filter>
    </ClCompile>
    <ClCompile Include="Core\Message.cpp">
      <Filter>Core</Filter>
    </ClCompile>
    <ClCompile Include="Core\Scope.cpp">
      <Filter>Core</Filter>
    </ClCompile>
    <ClCompile Include="Env\Environment.cpp">
      <Filter>Env</Filter>
    </ClCompile>
    <ClCompile Include="Core\Variables.cpp">
      <Filter>Core</Filter>
    </ClCompile>
    <ClCompile Include="Document\Document.cpp">
      <Filter>Document</Filter>
    </ClCompile>
    <ClCompile Include="Core\Function.cpp">
      <Filter>Core</Filter>
    </ClCompile>
    <ClCompile Include="Script.cpp" />
    <ClCompile Include="main.cpp" />
    <ClCompile Include="Compile\Scanner.cpp">
      <Filter>Compile</Filter>
    </ClCompile>
    <ClCompile Include="Compile\Error.cpp">
      <Filter>Compile</Filter>
    </ClCompile>
    <ClCompile Include="Compile\KeyWord.cpp">
      <Filter>Compile</Filter>
    </ClCompile>
  </ItemGroup>
  <ItemGroup>
    <None Include="Resource\main.script">
      <Filter>Resource</Filter>
    </None>
    <None Include="Compile\function.script">
      <Filter>Resource</Filter>
    </None>
  </ItemGroup>
  <ItemGroup>
    <Text Include="Compile\compile.txt">
      <Filter>Compile</Filter>
    </Text>
  </ItemGroup>
</Project>