<?xml version="1.0" encoding="utf-8"?>
<Project ToolsVersion="4.0" xmlns="http://schemas.microsoft.com/developer/msbuild/2003">
  <ItemGroup>
    <Filter Include="struct">
      <UniqueIdentifier>{b7a955af-fa13-431a-92dd-d2afa7056362}</UniqueIdentifier>
    </Filter>
    <Filter Include="enum">
      <UniqueIdentifier>{a22041cc-826d-4059-b3c4-3ebd5df42f16}</UniqueIdentifier>
    </Filter>
    <Filter Include="constant">
      <UniqueIdentifier>{e5f54f0e-bdd0-4876-9b43-849d6940ded3}</UniqueIdentifier>
    </Filter>
    <Filter Include="base">
      <UniqueIdentifier>{0ff1c331-d7a3-41ec-900a-b8d0c681ca70}</UniqueIdentifier>
    </Filter>
    <Filter Include="match">
      <UniqueIdentifier>{51884f31-f9cc-49f1-8d5c-3650823bfc95}</UniqueIdentifier>
    </Filter>
    <Filter Include="match\scene">
      <UniqueIdentifier>{387c03c0-e0ef-4b43-aa47-307b2c6ca8ae}</UniqueIdentifier>
    </Filter>
    <Filter Include="match\field">
      <UniqueIdentifier>{f11a849c-fb91-473d-bea0-d372f0758215}</UniqueIdentifier>
    </Filter>
    <Filter Include="match\action">
      <UniqueIdentifier>{be964fdd-07bb-4307-88a6-a088c8fe3cf6}</UniqueIdentifier>
    </Filter>
    <Filter Include="mind">
      <UniqueIdentifier>{4fea6061-75e8-424a-9df9-6bd59112c6af}</UniqueIdentifier>
    </Filter>
    <Filter Include="organization">
      <UniqueIdentifier>{912f2e3f-424d-4eb0-9368-a4e7e81f3c0b}</UniqueIdentifier>
    </Filter>
    <Filter Include="people">
      <UniqueIdentifier>{82918123-a88c-44fa-ac48-e6c43a7584e6}</UniqueIdentifier>
    </Filter>
    <Filter Include="system">
      <UniqueIdentifier>{edcfad63-3b98-4d7a-990e-737cf8f9654b}</UniqueIdentifier>
    </Filter>
    <Filter Include="world">
      <UniqueIdentifier>{fa1476ff-a460-48dd-9241-dc48fe9d72dd}</UniqueIdentifier>
    </Filter>
    <Filter Include="data">
      <UniqueIdentifier>{0b37b5aa-a9ae-45e4-a129-196e627ee53c}</UniqueIdentifier>
    </Filter>
    <Filter Include="finance">
      <UniqueIdentifier>{1696d935-8763-40c8-be03-6054f1fd586f}</UniqueIdentifier>
    </Filter>
    <Filter Include="match\tactics">
      <UniqueIdentifier>{bd5daba4-60be-41d7-a8c0-1875b6be4e37}</UniqueIdentifier>
    </Filter>
    <Filter Include="match\team">
      <UniqueIdentifier>{c9536d9c-4787-40d6-9748-40ad530a2191}</UniqueIdentifier>
    </Filter>
    <Filter Include="match\formation">
      <UniqueIdentifier>{d4ed35d9-c13c-4e57-8648-87c6e721ffdc}</UniqueIdentifier>
    </Filter>
    <Filter Include="club">
      <UniqueIdentifier>{2fcca008-55f6-4062-84e0-7f6ef9601719}</UniqueIdentifier>
    </Filter>
    <Filter Include="league">
      <UniqueIdentifier>{e56d23ea-5c76-432b-82c8-02b2413ce5b9}</UniqueIdentifier>
    </Filter>
    <Filter Include="cup">
      <UniqueIdentifier>{8fda9291-df3f-47a5-b49e-0cc19ead7223}</UniqueIdentifier>
    </Filter>
    <Filter Include="country">
      <UniqueIdentifier>{419fba27-04b8-4c75-9ae9-931e7c0220fc}</UniqueIdentifier>
    </Filter>
    <Filter Include="market">
      <UniqueIdentifier>{409cda0e-18ad-4972-a4c4-16eef12101bc}</UniqueIdentifier>
    </Filter>
    <Filter Include="contract">
      <UniqueIdentifier>{c8be931c-ddfa-49cb-9985-9d0eb604dd92}</UniqueIdentifier>
    </Filter>
    <Filter Include="team">
      <UniqueIdentifier>{dc211417-b6d0-47d6-ac70-e195840e6cf5}</UniqueIdentifier>
    </Filter>
  </ItemGroup>
  <ItemGroup>
    <ClInclude Include="struct\Point.h">
      <Filter>struct</Filter>
    </ClInclude>
    <ClInclude Include="struct\Vector.h">
      <Filter>struct</Filter>
    </ClInclude>
    <ClInclude Include="struct\Parabola.h">
      <Filter>struct</Filter>
    </ClInclude>
    <ClInclude Include="struct\Line.h">
      <Filter>struct</Filter>
    </ClInclude>
    <ClInclude Include="struct\Rectangle.h">
      <Filter>struct</Filter>
    </ClInclude>
    <ClInclude Include="struct\Circle.h">
      <Filter>struct</Filter>
    </ClInclude>
    <ClInclude Include="enum\eSystem.h">
      <Filter>enum</Filter>
    </ClInclude>
    <ClInclude Include="enum\eGender.h">
      <Filter>enum</Filter>
    </ClInclude>
    <ClInclude Include="enum\eOperator.h">
      <Filter>enum</Filter>
    </ClInclude>
    <ClInclude Include="constant\Constants.h">
      <Filter>constant</Filter>
    </ClInclude>
    <ClInclude Include="struct\Interval.h">
      <Filter>struct</Filter>
    </ClInclude>
    <ClInclude Include="struct\Size.h">
      <Filter>struct</Filter>
    </ClInclude>
    <ClInclude Include="enum\ePosition.h">
      <Filter>enum</Filter>
    </ClInclude>
    <ClInclude Include="enum\ePlayStyle.h">
      <Filter>enum</Filter>
    </ClInclude>
    <ClInclude Include="interface\eSearchCondition.h">
      <Filter>enum</Filter>
    </ClInclude>
    <ClInclude Include="enum\eInterval.h">
      <Filter>enum</Filter>
    </ClInclude>
    <ClInclude Include="enum\eJob.h">
      <Filter>enum</Filter>
    </ClInclude>
    <ClInclude Include="enum\ePlayerProperty.h">
      <Filter>enum</Filter>
    </ClInclude>
    <ClInclude Include="enum\eCoachProperty.h">
      <Filter>enum</Filter>
    </ClInclude>
    <ClInclude Include="enum\eProperty.h">
      <Filter>enum</Filter>
    </ClInclude>
    <ClInclude Include="world\World.h">
      <Filter>world</Filter>
    </ClInclude>
    <ClInclude Include="system\System.h">
      <Filter>system</Filter>
    </ClInclude>
    <ClInclude Include="system\SystemController.h">
      <Filter>system</Filter>
    </ClInclude>
    <ClInclude Include="people\Body.h">
      <Filter>people</Filter>
    </ClInclude>
    <ClInclude Include="people\Coach.h">
      <Filter>people</Filter>
    </ClInclude>
    <ClInclude Include="people\Person.h">
      <Filter>people</Filter>
    </ClInclude>
    <ClInclude Include="people\Player.h">
      <Filter>people</Filter>
    </ClInclude>
    <ClInclude Include="people\Referee.h">
      <Filter>people</Filter>
    </ClInclude>
    <ClInclude Include="data\ILevel.h">
      <Filter>data</Filter>
    </ClInclude>
    <ClInclude Include="mind\Mind.h">
      <Filter>mind</Filter>
    </ClInclude>
    <ClInclude Include="match\action\ActionManager.h">
      <Filter>match\action</Filter>
    </ClInclude>
    <ClInclude Include="match\action\ActionWithBall.h">
      <Filter>match\action</Filter>
    </ClInclude>
    <ClInclude Include="match\action\ActionWithoutBall.h">
      <Filter>match\action</Filter>
    </ClInclude>
    <ClInclude Include="match\field\Field.h">
      <Filter>match\field</Filter>
    </ClInclude>
    <ClInclude Include="match\scene\Match.h">
      <Filter>match\scene</Filter>
    </ClInclude>
    <ClInclude Include="base\Component.h">
      <Filter>base</Filter>
    </ClInclude>
    <ClInclude Include="base\ComponentSheet.h">
      <Filter>base</Filter>
    </ClInclude>
    <ClInclude Include="base\Condition.h">
      <Filter>base</Filter>
    </ClInclude>
    <ClInclude Include="base\ConditionSheet.h">
      <Filter>base</Filter>
    </ClInclude>
    <ClInclude Include="base\Identity.h">
      <Filter>base</Filter>
    </ClInclude>
    <ClInclude Include="base\ITimer.h">
      <Filter>base</Filter>
    </ClInclude>
    <ClInclude Include="base\Notification.h">
      <Filter>base</Filter>
    </ClInclude>
    <ClInclude Include="base\Property.h">
      <Filter>base</Filter>
    </ClInclude>
    <ClInclude Include="mind\IActionCommand.h">
      <Filter>mind</Filter>
    </ClInclude>
    <ClInclude Include="mind\ICommand.h">
      <Filter>mind</Filter>
    </ClInclude>
    <ClInclude Include="organization\IMatchDetailedList.h">
      <Filter>organization</Filter>
    </ClInclude>
    <ClInclude Include="organization\ISchedule.h">
      <Filter>organization</Filter>
    </ClInclude>
    <ClInclude Include="organization\IStadium.h">
      <Filter>organization</Filter>
    </ClInclude>
    <ClInclude Include="world\IRank.h">
      <Filter>world</Filter>
    </ClInclude>
    <ClInclude Include="enum\eLineUp.h">
      <Filter>enum</Filter>
    </ClInclude>
    <ClInclude Include="enum\eSearchCondition.h">
      <Filter>enum</Filter>
    </ClInclude>
    <ClInclude Include="match\formation\IFormation.h">
      <Filter>match\formation</Filter>
    </ClInclude>
    <ClInclude Include="match\tactics\ITactics.h">
      <Filter>match\tactics</Filter>
    </ClInclude>
    <ClInclude Include="match\team\ILineUp.h">
      <Filter>match\team</Filter>
    </ClInclude>
    <ClInclude Include="club\Club.h">
      <Filter>club</Filter>
    </ClInclude>
    <ClInclude Include="cup\ICup.h">
      <Filter>cup</Filter>
    </ClInclude>
    <ClInclude Include="finance\Finance.h">
      <Filter>finance</Filter>
    </ClInclude>
    <ClInclude Include="finance\Bill.h">
      <Filter>finance</Filter>
    </ClInclude>
    <ClInclude Include="world\Creator.h">
      <Filter>world</Filter>
    </ClInclude>
    <ClInclude Include="world\HumanSheet.h">
      <Filter>world</Filter>
    </ClInclude>
    <ClInclude Include="world\CountrySheet.h">
      <Filter>world</Filter>
    </ClInclude>
    <ClInclude Include="country\Country.h">
      <Filter>country</Filter>
    </ClInclude>
    <ClInclude Include="league\League.h">
      <Filter>league</Filter>
    </ClInclude>
    <ClInclude Include="market\TransferMarket.h">
      <Filter>market</Filter>
    </ClInclude>
    <ClInclude Include="contract\Contract.h">
      <Filter>contract</Filter>
    </ClInclude>
    <ClInclude Include="team\Team.h">
      <Filter>team</Filter>
    </ClInclude>
    <ClInclude Include="base\IdentityContainer.h">
      <Filter>base</Filter>
    </ClInclude>
  </ItemGroup>
  <ItemGroup>
    <ClCompile Include="constant\Constants.cpp">
      <Filter>constant</Filter>
    </ClCompile>
    <ClCompile Include="main.cpp" />
    <ClCompile Include="world\World.cpp">
      <Filter>world</Filter>
    </ClCompile>
    <ClCompile Include="people\Body.cpp">
      <Filter>people</Filter>
    </ClCompile>
    <ClCompile Include="people\Person.cpp">
      <Filter>people</Filter>
    </ClCompile>
    <ClCompile Include="people\Player.cpp">
      <Filter>people</Filter>
    </ClCompile>
    <ClCompile Include="mind\Mind.cpp">
      <Filter>mind</Filter>
    </ClCompile>
    <ClCompile Include="match\action\ActionManager.cpp">
      <Filter>match\action</Filter>
    </ClCompile>
    <ClCompile Include="match\action\ActionWithBall.cpp">
      <Filter>match\action</Filter>
    </ClCompile>
    <ClCompile Include="match\action\ActionWithoutBall.cpp">
      <Filter>match\action</Filter>
    </ClCompile>
    <ClCompile Include="match\field\Field.cpp">
      <Filter>match\field</Filter>
    </ClCompile>
    <ClCompile Include="base\Component.cpp">
      <Filter>base</Filter>
    </ClCompile>
    <ClCompile Include="base\ComponentSheet.cpp">
      <Filter>base</Filter>
    </ClCompile>
    <ClCompile Include="base\Condition.cpp">
      <Filter>base</Filter>
    </ClCompile>
    <ClCompile Include="base\ConditionSheet.cpp">
      <Filter>base</Filter>
    </ClCompile>
    <ClCompile Include="base\Identity.cpp">
      <Filter>base</Filter>
    </ClCompile>
    <ClCompile Include="base\Property.cpp">
      <Filter>base</Filter>
    </ClCompile>
    <ClCompile Include="club\Club.cpp">
      <Filter>club</Filter>
    </ClCompile>
    <ClCompile Include="system\System.cpp">
      <Filter>system</Filter>
    </ClCompile>
    <ClCompile Include="market\TransferMarket.cpp">
      <Filter>market</Filter>
    </ClCompile>
    <ClCompile Include="base\IdentityContainer.cpp">
      <Filter>base</Filter>
    </ClCompile>
    <ClCompile Include="finance\Finance.cpp">
      <Filter>finance</Filter>
    </ClCompile>
    <ClCompile Include="world\HumanSheet.cpp">
      <Filter>world</Filter>
    </ClCompile>
    <ClCompile Include="world\CountrySheet.cpp">
      <Filter>world</Filter>
    </ClCompile>
  </ItemGroup>
</Project>