<?xml version="1.0" encoding="utf-8"?>
<Project ToolsVersion="4.0" xmlns="http://schemas.microsoft.com/developer/msbuild/2003">
  <ItemGroup>
    <ClCompile Include="Common\Node\Node.cpp">
      <Filter>Common\Node</Filter>
    </ClCompile>
    <ClCompile Include="Common\Tool\Tool.cpp">
      <Filter>Common\Tool</Filter>
    </ClCompile>
    <ClCompile Include="Common\Action\Action.cpp">
      <Filter>Common\Action</Filter>
    </ClCompile>
    <ClCompile Include="Common\Action\ActionManager.cpp">
      <Filter>Common\Action</Filter>
    </ClCompile>
    <ClCompile Include="Common\Action\IntervalAction.cpp">
      <Filter>Common\Action</Filter>
    </ClCompile>
    <ClCompile Include="Common\View\View.cpp">
      <Filter>Common\View</Filter>
    </ClCompile>
    <ClCompile Include="Common\View\ViewConfig.cpp">
      <Filter>Common\View</Filter>
    </ClCompile>
    <ClCompile Include="Common\Scene\Scene.cpp">
      <Filter>Common\Scene</Filter>
    </ClCompile>
    <ClCompile Include="Common\View\Camera.cpp">
      <Filter>Common\View</Filter>
    </ClCompile>
    <ClCompile Include="Common\Tool\TextureTool.cpp">
      <Filter>Common\Tool</Filter>
    </ClCompile>
    <ClCompile Include="Common\Action\Scheduler.cpp">
      <Filter>Common\Action</Filter>
    </ClCompile>
    <ClCompile Include="Common\Node\ColorNode.cpp">
      <Filter>Common\Node</Filter>
    </ClCompile>
    <ClCompile Include="Common\Node\Animation.cpp">
      <Filter>Common\Node</Filter>
    </ClCompile>
    <ClCompile Include="Common\Action\ActionProxy.cpp">
      <Filter>Common\Action</Filter>
    </ClCompile>
    <ClCompile Include="Common\Touch\TouchManager.cpp">
      <Filter>Common\Touch</Filter>
    </ClCompile>
    <ClCompile Include="Common\Touch\TouchProxy.cpp">
      <Filter>Common\Touch</Filter>
    </ClCompile>
    <ClCompile Include="Common\Keyboard\KeyboardManager.cpp">
      <Filter>Common\Keyboard</Filter>
    </ClCompile>
    <ClCompile Include="Common\XControl\Pixel.cpp">
      <Filter>Common\XControl</Filter>
    </ClCompile>
    <ClCompile Include="Graphic\Command\DrawCommander.cpp">
      <Filter>Graphic\Command</Filter>
    </ClCompile>
    <ClCompile Include="Graphic\Command\DrawCommandList.cpp">
      <Filter>Graphic\Command</Filter>
    </ClCompile>
    <ClCompile Include="Graphic\Command\GUID.cpp">
      <Filter>Graphic\Command</Filter>
    </ClCompile>
    <ClCompile Include="Graphic\Command\DrawCommand.cpp">
      <Filter>Graphic\Command</Filter>
    </ClCompile>
    <ClCompile Include="Canvas.cpp" />
    <ClCompile Include="RenderApplication.cpp" />
    <ClCompile Include="3d\Environment\Light.cpp">
      <Filter>3d\Environment</Filter>
    </ClCompile>
    <ClCompile Include="3d\Environment\SpotLight.cpp">
      <Filter>3d\Environment</Filter>
    </ClCompile>
    <ClCompile Include="3d\Environment\Fog.cpp">
      <Filter>3d\Environment</Filter>
    </ClCompile>
    <ClCompile Include="3d\Environment\ClipPlane.cpp">
      <Filter>3d\Environment</Filter>
    </ClCompile>
    <ClCompile Include="3d\Environment\Stencil.cpp">
      <Filter>3d\Environment</Filter>
    </ClCompile>
    <ClCompile Include="Common\Audio\AudioManager.cpp">
      <Filter>Common\Audio</Filter>
    </ClCompile>
    <ClCompile Include="Common\Audio\CtrlAudioListener.cpp">
      <Filter>Common\Audio</Filter>
    </ClCompile>
    <ClCompile Include="Common\Audio\CtrlAudioSource.cpp">
      <Filter>Common\Audio</Filter>
    </ClCompile>
    <ClCompile Include="Common\Audio\CtrlAudioSource3D.cpp">
      <Filter>Common\Audio</Filter>
    </ClCompile>
    <ClCompile Include="Common\Audio\macros.cpp">
      <Filter>Common\Audio</Filter>
    </ClCompile>
    <ClCompile Include="Common\DrawNode\DrawNode.cpp">
      <Filter>Common\DrawNode</Filter>
    </ClCompile>
    <ClCompile Include="Common\Action\ExtAction.cpp">
      <Filter>Common\Action</Filter>
    </ClCompile>
    <ClCompile Include="2d\UI\CtrlEditBox.cpp">
      <Filter>2d\UI</Filter>
    </ClCompile>
    <ClCompile Include="2d\UI\CtrlEditLabel.cpp">
      <Filter>2d\UI</Filter>
    </ClCompile>
    <ClCompile Include="2d\UI\CtrlFrame.cpp">
      <Filter>2d\UI</Filter>
    </ClCompile>
    <ClCompile Include="2d\UI\CtrlImage.cpp">
      <Filter>2d\UI</Filter>
    </ClCompile>
    <ClCompile Include="2d\UI\CtrlMask.cpp">
      <Filter>2d\UI</Filter>
    </ClCompile>
    <ClCompile Include="2d\UI\CtrlScissor.cpp">
      <Filter>2d\UI</Filter>
    </ClCompile>
    <ClCompile Include="2d\UI\CtrlScrollView.cpp">
      <Filter>2d\UI</Filter>
    </ClCompile>
    <ClCompile Include="2d\UI\CtrlText.cpp">
      <Filter>2d\UI</Filter>
    </ClCompile>
    <ClCompile Include="2d\Animation\CtrlAnimation.cpp">
      <Filter>2d\Animation</Filter>
    </ClCompile>
    <ClCompile Include="2d\Animation\CtrlParticleSystem.cpp">
      <Filter>2d\Animation</Filter>
    </ClCompile>
    <ClCompile Include="2d\Animation\CtrlSequenceFrame.cpp">
      <Filter>2d\Animation</Filter>
    </ClCompile>
    <ClCompile Include="2d\Animation\Particle.cpp">
      <Filter>2d\Animation</Filter>
    </ClCompile>
    <ClCompile Include="2d\Animation\CtrlMedia.cpp">
      <Filter>2d\Animation</Filter>
    </ClCompile>
    <ClCompile Include="3d\Common\Model.cpp">
      <Filter>3d\Common</Filter>
    </ClCompile>
    <ClCompile Include="Common\Audio\CtrlAudioGeometry.cpp">
      <Filter>Common\Audio</Filter>
    </ClCompile>
    <ClCompile Include="Common\Audio\CtrlAudioSpeaker.cpp">
      <Filter>Common\Audio</Filter>
    </ClCompile>
    <ClCompile Include="Common\Audio\AudioProtocol.cpp">
      <Filter>Common\Audio</Filter>
    </ClCompile>
    <ClCompile Include="3d\Shape\SphereModel.cpp">
      <Filter>3d\Shape</Filter>
    </ClCompile>
    <ClCompile Include="Resource\Detail\MediaDetail.cpp">
      <Filter>Resource\Detail</Filter>
    </ClCompile>
    <ClCompile Include="Resource\Detail\ModelDetail.cpp">
      <Filter>Resource\Detail</Filter>
    </ClCompile>
    <ClCompile Include="Resource\Detail\AudioDetail.cpp">
      <Filter>Resource\Detail</Filter>
    </ClCompile>
    <ClCompile Include="Resource\Detail\ImageDetail.cpp">
      <Filter>Resource\Detail</Filter>
    </ClCompile>
    <ClCompile Include="Resource\Paser\File3DS.cpp">
      <Filter>Resource\Parser</Filter>
    </ClCompile>
    <ClCompile Include="3d\Common\Model3DS.cpp">
      <Filter>3d\Common</Filter>
    </ClCompile>
    <ClCompile Include="3d\Shape\CubeModel.cpp">
      <Filter>3d\Shape</Filter>
    </ClCompile>
    <ClCompile Include="3d\Common\ModelObj.cpp">
      <Filter>3d\Common</Filter>
    </ClCompile>
    <ClCompile Include="Resource\Paser\FileObj.cpp">
      <Filter>Resource\Parser</Filter>
    </ClCompile>
    <ClCompile Include="Resource\Paser\FileFbx.cpp">
      <Filter>Resource\Parser</Filter>
    </ClCompile>
    <ClCompile Include="3d\Common\ModelFbx.cpp">
      <Filter>3d\Common</Filter>
    </ClCompile>
    <ClCompile Include="Resource\Paser\ImageJPEG.cpp">
      <Filter>Resource\Parser</Filter>
    </ClCompile>
    <ClCompile Include="Resource\Paser\ImageLabel.cpp">
      <Filter>Resource\Parser</Filter>
    </ClCompile>
    <ClCompile Include="Resource\Paser\ImagePNG.cpp">
      <Filter>Resource\Parser</Filter>
    </ClCompile>
    <ClCompile Include="Resource\Paser\MediaFFmpeg.cpp">
      <Filter>Resource\Parser</Filter>
    </ClCompile>
    <ClCompile Include="Resource\Paser\ImageTarga.cpp">
      <Filter>Resource\Parser</Filter>
    </ClCompile>
    <ClCompile Include="Common\Texture\TexFrame.cpp">
      <Filter>Common\Texture</Filter>
    </ClCompile>
    <ClCompile Include="Common\Texture\Texture.cpp">
      <Filter>Common\Texture</Filter>
    </ClCompile>
    <ClCompile Include="Common\Texture\TextureCache.cpp">
      <Filter>Common\Texture</Filter>
    </ClCompile>
    <ClCompile Include="Common\struct\protocol_common.cpp">
      <Filter>Common\struct</Filter>
    </ClCompile>
    <ClCompile Include="Common\struct\shape_common.cpp">
      <Filter>Common\struct</Filter>
    </ClCompile>
    <ClCompile Include="Common\Shader\Shader.cpp">
      <Filter>Common\Shader</Filter>
    </ClCompile>
    <ClCompile Include="Common\Shader\ShaderProgram.cpp">
      <Filter>Common\Shader</Filter>
    </ClCompile>
    <ClCompile Include="Common\Shader\ShaderVariable.cpp">
      <Filter>Common\Shader</Filter>
    </ClCompile>
    <ClCompile Include="Common\Shader\ShaderAttrib.cpp">
      <Filter>Common\Shader</Filter>
    </ClCompile>
    <ClCompile Include="Common\Shader\ShaderUniform.cpp">
      <Filter>Common\Shader</Filter>
    </ClCompile>
    <ClCompile Include="Platform\DeviceProxy.cpp">
      <Filter>Platform</Filter>
    </ClCompile>
    <ClCompile Include="Platform\Windows\GlutWindow.cpp">
      <Filter>Platform\Windows</Filter>
    </ClCompile>
    <ClCompile Include="Platform\Windows\GLWindow.cpp">
      <Filter>Platform\Windows</Filter>
    </ClCompile>
    <ClCompile Include="Resource\Detail\MaterialDetail.cpp">
      <Filter>Resource\Detail</Filter>
    </ClCompile>
    <ClCompile Include="Resource\Detail\MeshDetail.cpp">
      <Filter>Resource\Detail</Filter>
    </ClCompile>
    <ClCompile Include="Graphic\GLAPI\GLVersion.cpp">
      <Filter>Graphic\GLAPI</Filter>
    </ClCompile>
    <ClCompile Include="Graphic\GLAPI\GLDebug.cpp">
      <Filter>Graphic\GLAPI</Filter>
    </ClCompile>
    <ClCompile Include="Graphic\GLAPI\GLShader.cpp">
      <Filter>Graphic\GLAPI</Filter>
    </ClCompile>
    <ClCompile Include="Graphic\GLAPI\GLState.cpp">
      <Filter>Graphic\GLAPI</Filter>
    </ClCompile>
    <ClCompile Include="Graphic\GLAPI\GLTexture.cpp">
      <Filter>Graphic\GLAPI</Filter>
    </ClCompile>
    <ClCompile Include="Graphic\GLAPI\GLVertex.cpp">
      <Filter>Graphic\GLAPI</Filter>
    </ClCompile>
    <ClCompile Include="Graphic\GLAPI\GLMatrix.cpp">
      <Filter>Graphic\GLAPI</Filter>
    </ClCompile>
    <ClCompile Include="Graphic\GLAPI\GLLight.cpp">
      <Filter>Graphic\GLAPI</Filter>
    </ClCompile>
    <ClCompile Include="Graphic\GLAPI\GLMaterial.cpp">
      <Filter>Graphic\GLAPI</Filter>
    </ClCompile>
    <ClCompile Include="Graphic\GLAPI\GLFog.cpp">
      <Filter>Graphic\GLAPI</Filter>
    </ClCompile>
    <ClCompile Include="Graphic\GLAPI\GLEvaluator.cpp">
      <Filter>Graphic\GLAPI</Filter>
    </ClCompile>
    <ClCompile Include="Graphic\GLAPI\GLRender.cpp">
      <Filter>Graphic\GLAPI</Filter>
    </ClCompile>
    <ClCompile Include="Common\struct\texture_common.cpp">
      <Filter>Common\struct</Filter>
    </ClCompile>
    <ClCompile Include="Common\Audio\CtrlAudioSourceClip.cpp">
      <Filter>Common\Audio</Filter>
    </ClCompile>
    <ClCompile Include="Resource\Paser\ImageBMP.cpp">
      <Filter>Resource\Parser</Filter>
    </ClCompile>
    <ClCompile Include="Graphic\GLAPI\GLCallList.cpp">
      <Filter>Graphic\GLAPI</Filter>
    </ClCompile>
    <ClCompile Include="Graphic\GLAPI\GLClientArrays.cpp">
      <Filter>Graphic\GLAPI</Filter>
    </ClCompile>
    <ClCompile Include="Graphic\GLAPI\GLRasterization.cpp">
      <Filter>Graphic\GLAPI</Filter>
    </ClCompile>
    <ClCompile Include="Graphic\GLAPI\GLVertexArrays.cpp">
      <Filter>Graphic\GLAPI</Filter>
    </ClCompile>
    <ClCompile Include="Graphic\GLAPI\GLQuery.cpp">
      <Filter>Graphic\GLAPI</Filter>
    </ClCompile>
    <ClCompile Include="Graphic\GLAPI\GLProgramPipelines.cpp">
      <Filter>Graphic\GLAPI</Filter>
    </ClCompile>
    <ClCompile Include="Graphic\GLAPI\GLSampler.cpp">
      <Filter>Graphic\GLAPI</Filter>
    </ClCompile>
    <ClCompile Include="Graphic\GLAPI\GLSync.cpp">
      <Filter>Graphic\GLAPI</Filter>
    </ClCompile>
    <ClCompile Include="Graphic\GLAPI\GLUtility.cpp">
      <Filter>Graphic\GLAPI</Filter>
    </ClCompile>
    <ClCompile Include="Graphic\GLAPI\GLTransformFeedback.cpp">
      <Filter>Graphic\GLAPI</Filter>
    </ClCompile>
    <ClCompile Include="Graphic\GLAPI\GLFixedFunction.cpp">
      <Filter>Graphic\GLAPI</Filter>
    </ClCompile>
    <ClCompile Include="Graphic\GLAPI\GLBufferObjects.cpp">
      <Filter>Graphic\GLAPI</Filter>
    </ClCompile>
    <ClCompile Include="Graphic\GLAPI\GLFrameBuffer.cpp">
      <Filter>Graphic\GLAPI</Filter>
    </ClCompile>
    <ClCompile Include="Common\Shader\ShaderUniformBlock.cpp">
      <Filter>Common\Shader</Filter>
    </ClCompile>
    <ClCompile Include="Common\Shader\ShaderSubroutineUniform.cpp">
      <Filter>Common\Shader</Filter>
    </ClCompile>
    <ClCompile Include="Common\Shader\ShaderProgramPipeline.cpp">
      <Filter>Common\Shader</Filter>
    </ClCompile>
    <ClCompile Include="Common\Shader\ShaderProgramUniform.cpp">
      <Filter>Common\Shader</Filter>
    </ClCompile>
    <ClCompile Include="Common\Buffer\NamedBufferObject.cpp">
      <Filter>Common\Buffer</Filter>
    </ClCompile>
    <ClCompile Include="2d\UI\CtrlLayout.cpp">
      <Filter>2d\UI</Filter>
    </ClCompile>
    <ClCompile Include="2d\UI\CtrlWidget.cpp">
      <Filter>2d\UI</Filter>
    </ClCompile>
    <ClCompile Include="Common\Buffer\VertexArrayObject.cpp">
      <Filter>Common\Buffer</Filter>
    </ClCompile>
    <ClCompile Include="Common\Buffer\NoNamedBufferObject.cpp">
      <Filter>Common\Buffer</Filter>
    </ClCompile>
    <ClCompile Include="Common\Buffer\BufferObject.cpp">
      <Filter>Common\Buffer</Filter>
    </ClCompile>
    <ClCompile Include="Common\Buffer\VertexAttribPointer.cpp">
      <Filter>Common\Buffer</Filter>
    </ClCompile>
    <ClCompile Include="Common\Buffer\VertexAttrib.cpp">
      <Filter>Common\Buffer</Filter>
    </ClCompile>
    <ClCompile Include="Common\Buffer\VAOAttrib.cpp">
      <Filter>Common\Buffer</Filter>
    </ClCompile>
    <ClCompile Include="Common\Buffer\NoNamedBufferObjects.cpp">
      <Filter>Common\Buffer</Filter>
    </ClCompile>
    <ClCompile Include="Common\Buffer\NamedBufferObjects.cpp">
      <Filter>Common\Buffer</Filter>
    </ClCompile>
  </ItemGroup>
  <ItemGroup>
    <ClInclude Include="Common\Node\import.h">
      <Filter>Common\Node</Filter>
    </ClInclude>
    <ClInclude Include="Common\Node\Node.h">
      <Filter>Common\Node</Filter>
    </ClInclude>
    <ClInclude Include="Common\Tool\Tool.h">
      <Filter>Common\Tool</Filter>
    </ClInclude>
    <ClInclude Include="Common\Scene\Scene.h">
      <Filter>Common\Scene</Filter>
    </ClInclude>
    <ClInclude Include="Common\Action\Action.h">
      <Filter>Common\Action</Filter>
    </ClInclude>
    <ClInclude Include="Common\Action\ActionManager.h">
      <Filter>Common\Action</Filter>
    </ClInclude>
    <ClInclude Include="Common\Action\import.h">
      <Filter>Common\Action</Filter>
    </ClInclude>
    <ClInclude Include="Common\Action\IntervalAction.h">
      <Filter>Common\Action</Filter>
    </ClInclude>
    <ClInclude Include="Common\View\View.h">
      <Filter>Common\View</Filter>
    </ClInclude>
    <ClInclude Include="Common\View\import.h">
      <Filter>Common\View</Filter>
    </ClInclude>
    <ClInclude Include="Common\View\ViewConfig.h">
      <Filter>Common\View</Filter>
    </ClInclude>
    <ClInclude Include="Common\Tool\import.h">
      <Filter>Common\Tool</Filter>
    </ClInclude>
    <ClInclude Include="Common\Scene\import.h">
      <Filter>Common\Scene</Filter>
    </ClInclude>
    <ClInclude Include="Common\View\Camera.h">
      <Filter>Common\View</Filter>
    </ClInclude>
    <ClInclude Include="Common\Tool\TextureTool.h">
      <Filter>Common\Tool</Filter>
    </ClInclude>
    <ClInclude Include="Common\XControl\import.h">
      <Filter>Common\XControl</Filter>
    </ClInclude>
    <ClInclude Include="Common\Action\Scheduler.h">
      <Filter>Common\Action</Filter>
    </ClInclude>
    <ClInclude Include="Resource\import.h">
      <Filter>Resource</Filter>
    </ClInclude>
    <ClInclude Include="Resource\macros.h">
      <Filter>Resource</Filter>
    </ClInclude>
    <ClInclude Include="Resource\Paser\import.h">
      <Filter>Resource\Parser</Filter>
    </ClInclude>
    <ClInclude Include="Resource\Paser\macros.h">
      <Filter>Resource\Parser</Filter>
    </ClInclude>
    <ClInclude Include="Common\Node\ColorNode.h">
      <Filter>Common\Node</Filter>
    </ClInclude>
    <ClInclude Include="Common\Node\Animation.h">
      <Filter>Common\Node</Filter>
    </ClInclude>
    <ClInclude Include="Common\Action\ActionProxy.h">
      <Filter>Common\Action</Filter>
    </ClInclude>
    <ClInclude Include="Platform\import.h">
      <Filter>Platform</Filter>
    </ClInclude>
    <ClInclude Include="Platform\Windows\import.h">
      <Filter>Platform\Windows</Filter>
    </ClInclude>
    <ClInclude Include="render.h" />
    <ClInclude Include="Common\Touch\import.h">
      <Filter>Common\Touch</Filter>
    </ClInclude>
    <ClInclude Include="Common\Touch\macros.h">
      <Filter>Common\Touch</Filter>
    </ClInclude>
    <ClInclude Include="Common\Touch\TouchManager.h">
      <Filter>Common\Touch</Filter>
    </ClInclude>
    <ClInclude Include="Common\Touch\TouchDelegate.h">
      <Filter>Common\Touch</Filter>
    </ClInclude>
    <ClInclude Include="Common\Touch\TouchProxy.h">
      <Filter>Common\Touch</Filter>
    </ClInclude>
    <ClInclude Include="3d\Shape\import.h">
      <Filter>3d\Shape</Filter>
    </ClInclude>
    <ClInclude Include="3d\macros.h">
      <Filter>3d</Filter>
    </ClInclude>
    <ClInclude Include="3d\import.h">
      <Filter>3d</Filter>
    </ClInclude>
    <ClInclude Include="Common\Keyboard\KeyboardManager.h">
      <Filter>Common\Keyboard</Filter>
    </ClInclude>
    <ClInclude Include="Common\Keyboard\import.h">
      <Filter>Common\Keyboard</Filter>
    </ClInclude>
    <ClInclude Include="Common\XControl\Pixel.h">
      <Filter>Common\XControl</Filter>
    </ClInclude>
    <ClInclude Include="Graphic\Command\macros.h">
      <Filter>Graphic\Command</Filter>
    </ClInclude>
    <ClInclude Include="Graphic\Command\DrawCommander.h">
      <Filter>Graphic\Command</Filter>
    </ClInclude>
    <ClInclude Include="Graphic\Command\DrawCommandList.h">
      <Filter>Graphic\Command</Filter>
    </ClInclude>
    <ClInclude Include="Graphic\Command\GUID.h">
      <Filter>Graphic\Command</Filter>
    </ClInclude>
    <ClInclude Include="Graphic\Command\DrawCommand.h">
      <Filter>Graphic\Command</Filter>
    </ClInclude>
    <ClInclude Include="Graphic\import.h">
      <Filter>Graphic</Filter>
    </ClInclude>
    <ClInclude Include="Resource\Loader\IResourceLoader.h">
      <Filter>Resource\Loader</Filter>
    </ClInclude>
    <ClInclude Include="Resource\Loader\ILabelLoader.h">
      <Filter>Resource\Loader</Filter>
    </ClInclude>
    <ClInclude Include="Resource\Loader\IMediaLoader.h">
      <Filter>Resource\Loader</Filter>
    </ClInclude>
    <ClInclude Include="Resource\Loader\import.h">
      <Filter>Resource\Loader</Filter>
    </ClInclude>
    <ClInclude Include="Resource\Loader\Loader.h">
      <Filter>Resource\Loader</Filter>
    </ClInclude>
    <ClInclude Include="Resource\Config\ImageDefine.h">
      <Filter>Resource\Config</Filter>
    </ClInclude>
    <ClInclude Include="Resource\Config\import.h">
      <Filter>Resource\Config</Filter>
    </ClInclude>
    <ClInclude Include="Resource\Config\MediaDefine.h">
      <Filter>Resource\Config</Filter>
    </ClInclude>
    <ClInclude Include="Resource\Config\TextDefine.h">
      <Filter>Resource\Config</Filter>
    </ClInclude>
    <ClInclude Include="Graphic\Command\import.h">
      <Filter>Graphic\Command</Filter>
    </ClInclude>
    <ClInclude Include="Canvas.h" />
    <ClInclude Include="RenderApplication.h" />
    <ClInclude Include="Common\macros.h">
      <Filter>Common</Filter>
    </ClInclude>
    <ClInclude Include="Common\import.h">
      <Filter>Common</Filter>
    </ClInclude>
    <ClInclude Include="3d\Common\import.h">
      <Filter>3d\Common</Filter>
    </ClInclude>
    <ClInclude Include="3d\Environment\import.h">
      <Filter>3d\Environment</Filter>
    </ClInclude>
    <ClInclude Include="3d\Environment\SpotLight.h">
      <Filter>3d\Environment</Filter>
    </ClInclude>
    <ClInclude Include="3d\Environment\Light.h">
      <Filter>3d\Environment</Filter>
    </ClInclude>
    <ClInclude Include="3d\Environment\Fog.h">
      <Filter>3d\Environment</Filter>
    </ClInclude>
    <ClInclude Include="3d\Environment\ClipPlane.h">
      <Filter>3d\Environment</Filter>
    </ClInclude>
    <ClInclude Include="3d\Environment\Stencil.h">
      <Filter>3d\Environment</Filter>
    </ClInclude>
    <ClInclude Include="3d\Map\macros.h">
      <Filter>3d\Map</Filter>
    </ClInclude>
    <ClInclude Include="3d\Map\Terrian.h">
      <Filter>3d\Map</Filter>
    </ClInclude>
    <ClInclude Include="Common\Audio\AudioManager.h">
      <Filter>Common\Audio</Filter>
    </ClInclude>
    <ClInclude Include="Common\Audio\import.h">
      <Filter>Common\Audio</Filter>
    </ClInclude>
    <ClInclude Include="Common\Audio\CtrlAudioListener.h">
      <Filter>Common\Audio</Filter>
    </ClInclude>
    <ClInclude Include="Common\Audio\CtrlAudioSource.h">
      <Filter>Common\Audio</Filter>
    </ClInclude>
    <ClInclude Include="Common\Audio\CtrlAudioSpeaker.h">
      <Filter>Common\Audio</Filter>
    </ClInclude>
    <ClInclude Include="Common\Audio\macros.h">
      <Filter>Common\Audio</Filter>
    </ClInclude>
    <ClInclude Include="Common\Audio\CtrlAudioSource3D.h">
      <Filter>Common\Audio</Filter>
    </ClInclude>
    <ClInclude Include="Common\DrawNode\DrawNode.h">
      <Filter>Common\DrawNode</Filter>
    </ClInclude>
    <ClInclude Include="Common\DrawNode\import.h">
      <Filter>Common\DrawNode</Filter>
    </ClInclude>
    <ClInclude Include="3d\Common\Ray.h">
      <Filter>3d\Common</Filter>
    </ClInclude>
    <ClInclude Include="Common\Action\ExtAction.h">
      <Filter>Common\Action</Filter>
    </ClInclude>
    <ClInclude Include="2d\UI\CtrlEditBox.h">
      <Filter>2d\UI</Filter>
    </ClInclude>
    <ClInclude Include="2d\UI\CtrlEditLabel.h">
      <Filter>2d\UI</Filter>
    </ClInclude>
    <ClInclude Include="2d\UI\CtrlFrame.h">
      <Filter>2d\UI</Filter>
    </ClInclude>
    <ClInclude Include="2d\UI\CtrlImage.h">
      <Filter>2d\UI</Filter>
    </ClInclude>
    <ClInclude Include="2d\UI\CtrlMask.h">
      <Filter>2d\UI</Filter>
    </ClInclude>
    <ClInclude Include="2d\UI\CtrlScissor.h">
      <Filter>2d\UI</Filter>
    </ClInclude>
    <ClInclude Include="2d\UI\CtrlScrollView.h">
      <Filter>2d\UI</Filter>
    </ClInclude>
    <ClInclude Include="2d\UI\CtrlText.h">
      <Filter>2d\UI</Filter>
    </ClInclude>
    <ClInclude Include="2d\UI\import.h">
      <Filter>2d\UI</Filter>
    </ClInclude>
    <ClInclude Include="2d\UI\macros.h">
      <Filter>2d\UI</Filter>
    </ClInclude>
    <ClInclude Include="2d\Animation\CtrlAnimation.h">
      <Filter>2d\Animation</Filter>
    </ClInclude>
    <ClInclude Include="2d\Animation\CtrlFluid.h">
      <Filter>2d\Animation</Filter>
    </ClInclude>
    <ClInclude Include="2d\Animation\CtrlParticleSystem.h">
      <Filter>2d\Animation</Filter>
    </ClInclude>
    <ClInclude Include="2d\Animation\CtrlSequenceFrame.h">
      <Filter>2d\Animation</Filter>
    </ClInclude>
    <ClInclude Include="2d\Animation\import.h">
      <Filter>2d\Animation</Filter>
    </ClInclude>
    <ClInclude Include="2d\Animation\macros.h">
      <Filter>2d\Animation</Filter>
    </ClInclude>
    <ClInclude Include="2d\Animation\Particle.h">
      <Filter>2d\Animation</Filter>
    </ClInclude>
    <ClInclude Include="2d\Animation\CtrlMedia.h">
      <Filter>2d\Animation</Filter>
    </ClInclude>
    <ClInclude Include="3d\Common\Model.h">
      <Filter>3d\Common</Filter>
    </ClInclude>
    <ClInclude Include="2d\ctrl_common.h">
      <Filter>2d</Filter>
    </ClInclude>
    <ClInclude Include="ext-config.h" />
    <ClInclude Include="2d\import.h">
      <Filter>2d</Filter>
    </ClInclude>
    <ClInclude Include="Common\Audio\CtrlAudioGeometry.h">
      <Filter>Common\Audio</Filter>
    </ClInclude>
    <ClInclude Include="Common\Audio\CtrlAudioReverb3D.h">
      <Filter>Common\Audio</Filter>
    </ClInclude>
    <ClInclude Include="Common\Audio\AudioProtocol.h">
      <Filter>Common\Audio</Filter>
    </ClInclude>
    <ClInclude Include="3d\Shape\SphereModel.h">
      <Filter>3d\Shape</Filter>
    </ClInclude>
    <ClInclude Include="Resource\Detail\MediaDetail.h">
      <Filter>Resource\Detail</Filter>
    </ClInclude>
    <ClInclude Include="Resource\Detail\ModelDetail.h">
      <Filter>Resource\Detail</Filter>
    </ClInclude>
    <ClInclude Include="Resource\Detail\AudioDetail.h">
      <Filter>Resource\Detail</Filter>
    </ClInclude>
    <ClInclude Include="Resource\Detail\ImageDetail.h">
      <Filter>Resource\Detail</Filter>
    </ClInclude>
    <ClInclude Include="Resource\Paser\File3DS.h">
      <Filter>Resource\Parser</Filter>
    </ClInclude>
    <ClInclude Include="3d\Common\Model3DS.h">
      <Filter>3d\Common</Filter>
    </ClInclude>
    <ClInclude Include="3d\Shape\CubeModel.h">
      <Filter>3d\Shape</Filter>
    </ClInclude>
    <ClInclude Include="3d\Common\ModelObj.h">
      <Filter>3d\Common</Filter>
    </ClInclude>
    <ClInclude Include="Resource\Paser\FileObj.h">
      <Filter>Resource\Parser</Filter>
    </ClInclude>
    <ClInclude Include="Resource\Detail\import.h">
      <Filter>Resource\Detail</Filter>
    </ClInclude>
    <ClInclude Include="Resource\Paser\FileFbx.h">
      <Filter>Resource\Parser</Filter>
    </ClInclude>
    <ClInclude Include="3d\Common\ModelFbx.h">
      <Filter>3d\Common</Filter>
    </ClInclude>
    <ClInclude Include="Resource\Paser\ImageJPEG.h">
      <Filter>Resource\Parser</Filter>
    </ClInclude>
    <ClInclude Include="Resource\Paser\ImageLabel.h">
      <Filter>Resource\Parser</Filter>
    </ClInclude>
    <ClInclude Include="Resource\Paser\ImagePNG.h">
      <Filter>Resource\Parser</Filter>
    </ClInclude>
    <ClInclude Include="Resource\Paser\MediaFFmpeg.h">
      <Filter>Resource\Parser</Filter>
    </ClInclude>
    <ClInclude Include="Resource\Paser\ImageTarga.h">
      <Filter>Resource\Parser</Filter>
    </ClInclude>
    <ClInclude Include="Common\Texture\import.h">
      <Filter>Common\Texture</Filter>
    </ClInclude>
    <ClInclude Include="Common\Texture\TexFrame.h">
      <Filter>Common\Texture</Filter>
    </ClInclude>
    <ClInclude Include="Common\Texture\Texture.h">
      <Filter>Common\Texture</Filter>
    </ClInclude>
    <ClInclude Include="Common\Texture\TextureCache.h">
      <Filter>Common\Texture</Filter>
    </ClInclude>
    <ClInclude Include="Common\struct\enum_common.h">
      <Filter>Common\struct</Filter>
    </ClInclude>
    <ClInclude Include="Common\struct\import.h">
      <Filter>Common\struct</Filter>
    </ClInclude>
    <ClInclude Include="Common\struct\protocol_common.h">
      <Filter>Common\struct</Filter>
    </ClInclude>
    <ClInclude Include="Common\struct\shape_common.h">
      <Filter>Common\struct</Filter>
    </ClInclude>
    <ClInclude Include="Common\struct\texture_common.h">
      <Filter>Common\struct</Filter>
    </ClInclude>
    <ClInclude Include="Common\Shader\import.h">
      <Filter>Common\Shader</Filter>
    </ClInclude>
    <ClInclude Include="Common\Shader\Shader.h">
      <Filter>Common\Shader</Filter>
    </ClInclude>
    <ClInclude Include="Common\Shader\ShaderProgram.h">
      <Filter>Common\Shader</Filter>
    </ClInclude>
    <ClInclude Include="Common\Shader\ShaderVariable.h">
      <Filter>Common\Shader</Filter>
    </ClInclude>
    <ClInclude Include="Common\Shader\ShaderAttrib.h">
      <Filter>Common\Shader</Filter>
    </ClInclude>
    <ClInclude Include="Common\Shader\ShaderUniform.h">
      <Filter>Common\Shader</Filter>
    </ClInclude>
    <ClInclude Include="Platform\Windows\GlutWindow.h">
      <Filter>Platform\Windows</Filter>
    </ClInclude>
    <ClInclude Include="Platform\DeviceProxy.h">
      <Filter>Platform</Filter>
    </ClInclude>
    <ClInclude Include="Platform\Windows\GLWindow.h">
      <Filter>Platform\Windows</Filter>
    </ClInclude>
    <ClInclude Include="Graphic\GLAPI\import.h">
      <Filter>Graphic\GLAPI</Filter>
    </ClInclude>
    <ClInclude Include="Graphic\GLApi\macros.h">
      <Filter>Graphic\GLAPI</Filter>
    </ClInclude>
    <ClInclude Include="Common\Node\Notify.h">
      <Filter>Common\Node</Filter>
    </ClInclude>
    <ClInclude Include="Resource\Detail\MaterialDetail.h">
      <Filter>Resource\Detail</Filter>
    </ClInclude>
    <ClInclude Include="Resource\Detail\MeshDetail.h">
      <Filter>Resource\Detail</Filter>
    </ClInclude>
    <ClInclude Include="Graphic\GLAPI\GLVersion.h">
      <Filter>Graphic\GLAPI</Filter>
    </ClInclude>
    <ClInclude Include="Graphic\GLAPI\GLDebug.h">
      <Filter>Graphic\GLAPI</Filter>
    </ClInclude>
    <ClInclude Include="Graphic\GLAPI\GLShader.h">
      <Filter>Graphic\GLAPI</Filter>
    </ClInclude>
    <ClInclude Include="Graphic\GLAPI\GLState.h">
      <Filter>Graphic\GLAPI</Filter>
    </ClInclude>
    <ClInclude Include="Graphic\GLAPI\GLTexture.h">
      <Filter>Graphic\GLAPI</Filter>
    </ClInclude>
    <ClInclude Include="Graphic\GLAPI\GLVertex.h">
      <Filter>Graphic\GLAPI</Filter>
    </ClInclude>
    <ClInclude Include="Graphic\GLAPI\GLMatrix.h">
      <Filter>Graphic\GLAPI</Filter>
    </ClInclude>
    <ClInclude Include="Graphic\GLAPI\GLLight.h">
      <Filter>Graphic\GLAPI</Filter>
    </ClInclude>
    <ClInclude Include="Graphic\GLAPI\GLMaterial.h">
      <Filter>Graphic\GLAPI</Filter>
    </ClInclude>
    <ClInclude Include="Graphic\GLAPI\GLFog.h">
      <Filter>Graphic\GLAPI</Filter>
    </ClInclude>
    <ClInclude Include="Graphic\GLAPI\GLEvaluator.h">
      <Filter>Graphic\GLAPI</Filter>
    </ClInclude>
    <ClInclude Include="Graphic\GLAPI\GLRender.h">
      <Filter>Graphic\GLAPI</Filter>
    </ClInclude>
    <ClInclude Include="Common\Audio\CtrlAudioSourceClip.h">
      <Filter>Common\Audio</Filter>
    </ClInclude>
    <ClInclude Include="Resource\Paser\ImageBMP.h">
      <Filter>Resource\Parser</Filter>
    </ClInclude>
    <ClInclude Include="Graphic\GLAPI\GLCallList.h">
      <Filter>Graphic\GLAPI</Filter>
    </ClInclude>
    <ClInclude Include="Graphic\GLAPI\GLClientArrays.h">
      <Filter>Graphic\GLAPI</Filter>
    </ClInclude>
    <ClInclude Include="Graphic\GLAPI\GLRasterization.h">
      <Filter>Graphic\GLAPI</Filter>
    </ClInclude>
    <ClInclude Include="Graphic\GLAPI\GLVertexArrays.h">
      <Filter>Graphic\GLAPI</Filter>
    </ClInclude>
    <ClInclude Include="Graphic\GLAPI\GLQuery.h">
      <Filter>Graphic\GLAPI</Filter>
    </ClInclude>
    <ClInclude Include="Graphic\GLAPI\GLProgramPipelines.h">
      <Filter>Graphic\GLAPI</Filter>
    </ClInclude>
    <ClInclude Include="Graphic\GLAPI\GLSampler.h">
      <Filter>Graphic\GLAPI</Filter>
    </ClInclude>
    <ClInclude Include="Graphic\GLAPI\GLSync.h">
      <Filter>Graphic\GLAPI</Filter>
    </ClInclude>
    <ClInclude Include="Graphic\GLAPI\GLUtility.h">
      <Filter>Graphic\GLAPI</Filter>
    </ClInclude>
    <ClInclude Include="Graphic\GLAPI\GLTransformFeedback.h">
      <Filter>Graphic\GLAPI</Filter>
    </ClInclude>
    <ClInclude Include="Graphic\GLAPI\GLFixedFunction.h">
      <Filter>Graphic\GLAPI</Filter>
    </ClInclude>
    <ClInclude Include="Graphic\GLAPI\GLBufferObjects.h">
      <Filter>Graphic\GLAPI</Filter>
    </ClInclude>
    <ClInclude Include="Graphic\GLAPI\GLFrameBuffer.h">
      <Filter>Graphic\GLAPI</Filter>
    </ClInclude>
    <ClInclude Include="Common\Shader\ShaderUniformBlock.h">
      <Filter>Common\Shader</Filter>
    </ClInclude>
    <ClInclude Include="Common\Buffer\import.h">
      <Filter>Common\Buffer</Filter>
    </ClInclude>
    <ClInclude Include="Common\Shader\ShaderSubroutineUniform.h">
      <Filter>Common\Shader</Filter>
    </ClInclude>
    <ClInclude Include="Common\Shader\ShaderProgramPipeline.h">
      <Filter>Common\Shader</Filter>
    </ClInclude>
    <ClInclude Include="Common\Shader\ShaderProgramUniform.h">
      <Filter>Common\Shader</Filter>
    </ClInclude>
    <ClInclude Include="Common\Buffer\NamedBufferObject.h">
      <Filter>Common\Buffer</Filter>
    </ClInclude>
    <ClInclude Include="2d\UI\CtrlLayout.h">
      <Filter>2d\UI</Filter>
    </ClInclude>
    <ClInclude Include="2d\UI\CtrlWidget.h">
      <Filter>2d\UI</Filter>
    </ClInclude>
    <ClInclude Include="Common\Buffer\VertexArrayObject.h">
      <Filter>Common\Buffer</Filter>
    </ClInclude>
    <ClInclude Include="Common\Buffer\NoNamedBufferObject.h">
      <Filter>Common\Buffer</Filter>
    </ClInclude>
    <ClInclude Include="Common\Buffer\BufferObject.h">
      <Filter>Common\Buffer</Filter>
    </ClInclude>
    <ClInclude Include="Common\Buffer\VertexAttribPointer.h">
      <Filter>Common\Buffer</Filter>
    </ClInclude>
    <ClInclude Include="Common\Buffer\VertexAttrib.h">
      <Filter>Common\Buffer</Filter>
    </ClInclude>
    <ClInclude Include="Common\Buffer\VAOAttrib.h">
      <Filter>Common\Buffer</Filter>
    </ClInclude>
    <ClInclude Include="Common\Buffer\UniformBuffer.h">
      <Filter>Common\Buffer</Filter>
    </ClInclude>
    <ClInclude Include="Common\Buffer\NoNamedBufferObjects.h">
      <Filter>Common\Buffer</Filter>
    </ClInclude>
    <ClInclude Include="Common\Buffer\NamedBufferObjects.h">
      <Filter>Common\Buffer</Filter>
    </ClInclude>
  </ItemGroup>
  <ItemGroup>
    <Filter Include="Common">
      <UniqueIdentifier>{9cdc0d0a-4f1c-4121-938c-d25fc9b1103f}</UniqueIdentifier>
    </Filter>
    <Filter Include="Common\Node">
      <UniqueIdentifier>{a34218fa-86f1-404a-9737-b2c387dfce15}</UniqueIdentifier>
    </Filter>
    <Filter Include="Common\Tool">
      <UniqueIdentifier>{e5114a92-a104-4929-bca2-d9d99bea4ec8}</UniqueIdentifier>
    </Filter>
    <Filter Include="Common\Scene">
      <UniqueIdentifier>{047d16c0-0c89-43a7-9bb9-c667b50acd6a}</UniqueIdentifier>
    </Filter>
    <Filter Include="Common\View">
      <UniqueIdentifier>{26240f59-9a91-4697-81d5-9318ce730ec0}</UniqueIdentifier>
    </Filter>
    <Filter Include="Common\Action">
      <UniqueIdentifier>{1c8ab4ae-8924-4c39-8889-09946c2fdfe0}</UniqueIdentifier>
    </Filter>
    <Filter Include="3d">
      <UniqueIdentifier>{8ffa7b3f-1dfd-407f-8836-58bac15fd524}</UniqueIdentifier>
    </Filter>
    <Filter Include="Common\XControl">
      <UniqueIdentifier>{e6030aa8-169f-48b1-87a5-8a74ffba7103}</UniqueIdentifier>
    </Filter>
    <Filter Include="Resource">
      <UniqueIdentifier>{f2319a96-c99c-437a-98e9-9151cfb1b46d}</UniqueIdentifier>
    </Filter>
    <Filter Include="Resource\Parser">
      <UniqueIdentifier>{5000cb09-fb3c-4b63-963b-db40ce7a3db0}</UniqueIdentifier>
    </Filter>
    <Filter Include="Platform">
      <UniqueIdentifier>{bdcc9f5f-cc09-4649-ba7d-b20f2f85158e}</UniqueIdentifier>
    </Filter>
    <Filter Include="Platform\Windows">
      <UniqueIdentifier>{b2c7b399-fa6c-49e8-9325-933e2dcec101}</UniqueIdentifier>
    </Filter>
    <Filter Include="Common\Touch">
      <UniqueIdentifier>{2f218a69-d8e9-4b3a-8f41-c4dc02aabb6c}</UniqueIdentifier>
    </Filter>
    <Filter Include="3d\Shape">
      <UniqueIdentifier>{ac244ac0-0e32-49a2-b0c2-cccbd2b85bff}</UniqueIdentifier>
    </Filter>
    <Filter Include="Common\Keyboard">
      <UniqueIdentifier>{a6dde4f6-3baa-4bd1-ac2d-6e093a8890f7}</UniqueIdentifier>
    </Filter>
    <Filter Include="Graphic">
      <UniqueIdentifier>{b0c0f800-c2ea-47bf-a1f2-f696a2daf561}</UniqueIdentifier>
    </Filter>
    <Filter Include="Graphic\Command">
      <UniqueIdentifier>{78dae838-a77b-404b-8dcf-4fcc748483fe}</UniqueIdentifier>
    </Filter>
    <Filter Include="Resource\Loader">
      <UniqueIdentifier>{10a041a0-5d1b-46d1-ae1b-5831c145bfc0}</UniqueIdentifier>
    </Filter>
    <Filter Include="Resource\Config">
      <UniqueIdentifier>{b974c7be-0714-4881-99b6-65dbf35317a5}</UniqueIdentifier>
    </Filter>
    <Filter Include="Platform\Android">
      <UniqueIdentifier>{ff1aa617-6b14-4de9-8c23-29bf7d373bcd}</UniqueIdentifier>
    </Filter>
    <Filter Include="Platform\IOS">
      <UniqueIdentifier>{eabeb007-b812-4b6f-be38-fd93e4486afb}</UniqueIdentifier>
    </Filter>
    <Filter Include="3d\Common">
      <UniqueIdentifier>{fe27589b-7893-4862-9ec5-65916e21cc3e}</UniqueIdentifier>
    </Filter>
    <Filter Include="3d\Environment">
      <UniqueIdentifier>{81978b8e-264f-4191-bee5-fb134f29e041}</UniqueIdentifier>
    </Filter>
    <Filter Include="3d\Map">
      <UniqueIdentifier>{39b72897-e237-4d06-b0ad-dc4d6a4b036c}</UniqueIdentifier>
    </Filter>
    <Filter Include="Common\Audio">
      <UniqueIdentifier>{61b06823-1aed-4daf-8287-4d1d7f5d9149}</UniqueIdentifier>
    </Filter>
    <Filter Include="Common\DrawNode">
      <UniqueIdentifier>{c3eeb252-4d38-4194-8503-f7bbbff42e74}</UniqueIdentifier>
    </Filter>
    <Filter Include="2d">
      <UniqueIdentifier>{393be6e1-62a4-4a86-989e-db31f9a3a3e3}</UniqueIdentifier>
    </Filter>
    <Filter Include="2d\UI">
      <UniqueIdentifier>{96321678-d993-4d34-8a32-ac33f162b0c3}</UniqueIdentifier>
    </Filter>
    <Filter Include="2d\Animation">
      <UniqueIdentifier>{91b9cdf2-865f-40ac-ae8f-a0605a0fa54e}</UniqueIdentifier>
    </Filter>
    <Filter Include="Resource\Detail">
      <UniqueIdentifier>{9df81cfb-9846-4989-81c1-b7ad6ba47ba6}</UniqueIdentifier>
    </Filter>
    <Filter Include="Common\Texture">
      <UniqueIdentifier>{af282e8f-c075-4311-a9d5-b6128b397090}</UniqueIdentifier>
    </Filter>
    <Filter Include="Common\struct">
      <UniqueIdentifier>{a4c06e44-b038-4733-b6e2-09cec111de75}</UniqueIdentifier>
    </Filter>
    <Filter Include="Common\Shader">
      <UniqueIdentifier>{15d27c74-8b8d-47a0-a04e-4370a04709e1}</UniqueIdentifier>
    </Filter>
    <Filter Include="Graphic\GLAPI">
      <UniqueIdentifier>{eff1c3cb-6f6b-4af7-81eb-680141cf5ff6}</UniqueIdentifier>
    </Filter>
    <Filter Include="Common\Buffer">
      <UniqueIdentifier>{60f3aac1-f887-4af4-b135-62c2dba7c8c9}</UniqueIdentifier>
    </Filter>
  </ItemGroup>
</Project>