<?xml version="1.0" encoding="utf-8"?>
<Project ToolsVersion="4.0" xmlns="http://schemas.microsoft.com/developer/msbuild/2003">
  <ItemGroup>
    <Filter Include="Text">
      <UniqueIdentifier>{52450e86-4b67-4322-9400-21face44927e}</UniqueIdentifier>
    </Filter>
    <Filter Include="Image">
      <UniqueIdentifier>{6fe49d18-23ad-4014-bb24-c1addb6f49d5}</UniqueIdentifier>
    </Filter>
    <Filter Include="Picture">
      <UniqueIdentifier>{37440f3e-d4e8-43c7-8466-c2a7388dd46b}</UniqueIdentifier>
    </Filter>
    <Filter Include="Common">
      <UniqueIdentifier>{37bdf380-e1f2-434b-9273-9fab1faf858c}</UniqueIdentifier>
    </Filter>
  </ItemGroup>
  <ItemGroup>
    <ClInclude Include="Common\PixelsReader.h">
      <Filter>Common</Filter>
    </ClInclude>
  </ItemGroup>
</Project>