<?xml version="1.0" encoding="utf-8"?>
<Project ToolsVersion="4.0" xmlns="http://schemas.microsoft.com/developer/msbuild/2003">
  <ItemGroup>
    <Filter Include="Config">
      <UniqueIdentifier>{a0b0b26b-b243-4252-bc77-f6907eb4f811}</UniqueIdentifier>
    </Filter>
  </ItemGroup>
  <ItemGroup>
    <ClCompile Include="Config\XmlConfig.cpp">
      <Filter>Config</Filter>
    </ClCompile>
  </ItemGroup>
  <ItemGroup>
    <ClInclude Include="text.h" />
    <ClInclude Include="Config\XmlConfig.h">
      <Filter>Config</Filter>
    </ClInclude>
    <ClInclude Include="Config\import.h">
      <Filter>Config</Filter>
    </ClInclude>
  </ItemGroup>
</Project>