<?xml version="1.0" encoding="utf-8"?>
<Project ToolsVersion="4.0" xmlns="http://schemas.microsoft.com/developer/msbuild/2003">
  <ItemGroup>
    <Filter Include="WebApp">
      <UniqueIdentifier>{b55035fa-e342-4d52-b009-1b8de1743b37}</UniqueIdentifier>
    </Filter>
    <Filter Include="DB">
      <UniqueIdentifier>{42d3416d-64dd-44de-bac8-b836d3149bd8}</UniqueIdentifier>
    </Filter>
    <Filter Include="Http">
      <UniqueIdentifier>{cb0862ac-85be-4a76-b96c-91707b8a38f5}</UniqueIdentifier>
    </Filter>
    <Filter Include="Packet">
      <UniqueIdentifier>{13645238-e549-4bc9-bad7-c99eff4ad56e}</UniqueIdentifier>
    </Filter>
  </ItemGroup>
  <ItemGroup>
    <ClCompile Include="WebApp\Session.cpp">
      <Filter>WebApp</Filter>
    </ClCompile>
    <ClCompile Include="WebApp\WebApplication.cpp">
      <Filter>WebApp</Filter>
    </ClCompile>
    <ClCompile Include="DB\SQLite.cpp">
      <Filter>DB</Filter>
    </ClCompile>
    <ClCompile Include="WebApp\WebServer.cpp">
      <Filter>WebApp</Filter>
    </ClCompile>
    <ClCompile Include="Http\HttpActivity.cpp">
      <Filter>Http</Filter>
    </ClCompile>
    <ClCompile Include="Packet\PacketActivity.cpp">
      <Filter>Packet</Filter>
    </ClCompile>
    <ClCompile Include="Http\HttpActivityListener.cpp">
      <Filter>Http</Filter>
    </ClCompile>
    <ClCompile Include="Packet\PacketActivityListener.cpp">
      <Filter>Packet</Filter>
    </ClCompile>
  </ItemGroup>
  <ItemGroup>
    <ClInclude Include="web.h" />
    <ClInclude Include="WebApp\import.h">
      <Filter>WebApp</Filter>
    </ClInclude>
    <ClInclude Include="WebApp\macros.h">
      <Filter>WebApp</Filter>
    </ClInclude>
    <ClInclude Include="WebApp\Session.h">
      <Filter>WebApp</Filter>
    </ClInclude>
    <ClInclude Include="WebApp\WebApplication.h">
      <Filter>WebApp</Filter>
    </ClInclude>
    <ClInclude Include="DB\SQLite.h">
      <Filter>DB</Filter>
    </ClInclude>
    <ClInclude Include="WebApp\WebServer.h">
      <Filter>WebApp</Filter>
    </ClInclude>
    <ClInclude Include="DB\DataBase.h">
      <Filter>DB</Filter>
    </ClInclude>
    <ClInclude Include="DB\IDBString.h">
      <Filter>DB</Filter>
    </ClInclude>
    <ClInclude Include="DB\DataMember.h">
      <Filter>DB</Filter>
    </ClInclude>
    <ClInclude Include="Http\HttpActivity.h">
      <Filter>Http</Filter>
    </ClInclude>
    <ClInclude Include="Http\HttpRecvHandler.h">
      <Filter>Http</Filter>
    </ClInclude>
    <ClInclude Include="Http\import.h">
      <Filter>Http</Filter>
    </ClInclude>
    <ClInclude Include="Packet\PacketActivity.h">
      <Filter>Packet</Filter>
    </ClInclude>
    <ClInclude Include="Packet\PacketRecvHandler.h">
      <Filter>Packet</Filter>
    </ClInclude>
    <ClInclude Include="Http\HttpActivityListener.h">
      <Filter>Http</Filter>
    </ClInclude>
    <ClInclude Include="Packet\PacketActivityListener.h">
      <Filter>Packet</Filter>
    </ClInclude>
    <ClInclude Include="IActivityListener.h" />
    <ClInclude Include="Packet\import.h">
      <Filter>Packet</Filter>
    </ClInclude>
  </ItemGroup>
</Project>