<?xml version="1.0" encoding="utf-8"?>
<Project ToolsVersion="4.0" xmlns="http://schemas.microsoft.com/developer/msbuild/2003">
  <ItemGroup>
    <Filter Include="Activity">
      <UniqueIdentifier>{141fea11-a033-4440-a0d8-25b94d4d96d3}</UniqueIdentifier>
    </Filter>
    <Filter Include="WebApp">
      <UniqueIdentifier>{b55035fa-e342-4d52-b009-1b8de1743b37}</UniqueIdentifier>
    </Filter>
    <Filter Include="DB">
      <UniqueIdentifier>{42d3416d-64dd-44de-bac8-b836d3149bd8}</UniqueIdentifier>
    </Filter>
  </ItemGroup>
  <ItemGroup>
    <ClCompile Include="Activity\HttpActivity.cpp">
      <Filter>Activity</Filter>
    </ClCompile>
    <ClCompile Include="WebApp\Session.cpp">
      <Filter>WebApp</Filter>
    </ClCompile>
    <ClCompile Include="WebApp\WebApplication.cpp">
      <Filter>WebApp</Filter>
    </ClCompile>
    <ClCompile Include="DB\SQLite.cpp">
      <Filter>DB</Filter>
    </ClCompile>
    <ClCompile Include="WebApp\WebServer.cpp">
      <Filter>WebApp</Filter>
    </ClCompile>
  </ItemGroup>
  <ItemGroup>
    <ClInclude Include="Activity\HttpActivity.h">
      <Filter>Activity</Filter>
    </ClInclude>
    <ClInclude Include="Activity\import.h">
      <Filter>Activity</Filter>
    </ClInclude>
    <ClInclude Include="web.h" />
    <ClInclude Include="Activity\HttpRecvHandler.h">
      <Filter>Activity</Filter>
    </ClInclude>
    <ClInclude Include="WebApp\import.h">
      <Filter>WebApp</Filter>
    </ClInclude>
    <ClInclude Include="WebApp\macros.h">
      <Filter>WebApp</Filter>
    </ClInclude>
    <ClInclude Include="WebApp\Session.h">
      <Filter>WebApp</Filter>
    </ClInclude>
    <ClInclude Include="WebApp\WebApplication.h">
      <Filter>WebApp</Filter>
    </ClInclude>
    <ClInclude Include="DB\SQLite.h">
      <Filter>DB</Filter>
    </ClInclude>
    <ClInclude Include="WebApp\WebServer.h">
      <Filter>WebApp</Filter>
    </ClInclude>
  </ItemGroup>
</Project>