<?xml version="1.0" encoding="utf-8"?>
<Project ToolsVersion="4.0" xmlns="http://schemas.microsoft.com/developer/msbuild/2003">
  <ItemGroup>
    <Filter Include="GateWay">
      <UniqueIdentifier>{97eafcb5-79ba-451e-941c-c230f4c73388}</UniqueIdentifier>
    </Filter>
    <Filter Include="Resource">
      <UniqueIdentifier>{3d862a11-844a-4492-b6fa-029d81081d35}</UniqueIdentifier>
    </Filter>
  </ItemGroup>
  <ItemGroup>
    <ClCompile Include="main.cpp" />
    <ClCompile Include="GateWay\HttpActivityTest.cpp">
      <Filter>GateWay</Filter>
    </ClCompile>
    <ClCompile Include="GateWay\GateWay.cpp">
      <Filter>GateWay</Filter>
    </ClCompile>
    <ClCompile Include="GateWay\PacketActivityTest.cpp">
      <Filter>GateWay</Filter>
    </ClCompile>
  </ItemGroup>
  <ItemGroup>
    <ClInclude Include="GateWay\HttpActivityTest.h">
      <Filter>GateWay</Filter>
    </ClInclude>
    <ClInclude Include="GateWay\GateWay.h">
      <Filter>GateWay</Filter>
    </ClInclude>
    <ClInclude Include="GateWay\PacketActivityTest.h">
      <Filter>GateWay</Filter>
    </ClInclude>
    <ClInclude Include="GateWay\import.h">
      <Filter>GateWay</Filter>
    </ClInclude>
  </ItemGroup>
  <ItemGroup>
    <Xml Include="Resource\GateWay.xml">
      <Filter>Resource</Filter>
    </Xml>
  </ItemGroup>
</Project>